// !$*UTF8*$!
{
	archiveVersion = 1;
	classes = {
	};
	objectVersion = 46;
	objects = {

/* Begin PBXBuildFile section */
		538B24601434099300372DE8 /* QuartzCore.framework in Frameworks */ = {isa = PBXBuildFile; fileRef = 538B245F1434099300372DE8 /* QuartzCore.framework */; };
		538B24621434099300372DE8 /* OpenGLES.framework in Frameworks */ = {isa = PBXBuildFile; fileRef = 538B24611434099300372DE8 /* OpenGLES.framework */; };
		538B24641434099300372DE8 /* OpenAL.framework in Frameworks */ = {isa = PBXBuildFile; fileRef = 538B24631434099300372DE8 /* OpenAL.framework */; };
		538B24661434099300372DE8 /* AudioToolbox.framework in Frameworks */ = {isa = PBXBuildFile; fileRef = 538B24651434099300372DE8 /* AudioToolbox.framework */; };
		538B24681434099300372DE8 /* AVFoundation.framework in Frameworks */ = {isa = PBXBuildFile; fileRef = 538B24671434099300372DE8 /* AVFoundation.framework */; };
		538B246A1434099300372DE8 /* UIKit.framework in Frameworks */ = {isa = PBXBuildFile; fileRef = 538B24691434099300372DE8 /* UIKit.framework */; };
		538B246C1434099300372DE8 /* Foundation.framework in Frameworks */ = {isa = PBXBuildFile; fileRef = 538B246B1434099300372DE8 /* Foundation.framework */; };
		538B246E1434099300372DE8 /* CoreGraphics.framework in Frameworks */ = {isa = PBXBuildFile; fileRef = 538B246D1434099300372DE8 /* CoreGraphics.framework */; };
		538B24721434099300372DE8 /* Default.png in Resources */ = {isa = PBXBuildFile; fileRef = 538B24711434099300372DE8 /* Default.png */; };
		538B24741434099300372DE8 /* fps_images.png in Resources */ = {isa = PBXBuildFile; fileRef = 538B24731434099300372DE8 /* fps_images.png */; };
		538B24761434099300372DE8 /* Icon-72.png in Resources */ = {isa = PBXBuildFile; fileRef = 538B24751434099300372DE8 /* Icon-72.png */; };
		538B24781434099300372DE8 /* Icon-Small-50.png in Resources */ = {isa = PBXBuildFile; fileRef = 538B24771434099300372DE8 /* Icon-Small-50.png */; };
		538B247A1434099300372DE8 /* Icon-Small.png in Resources */ = {isa = PBXBuildFile; fileRef = 538B24791434099300372DE8 /* Icon-Small.png */; };
		538B247C1434099300372DE8 /* Icon-Small@2x.png in Resources */ = {isa = PBXBuildFile; fileRef = 538B247B1434099300372DE8 /* Icon-Small@2x.png */; };
		538B247E1434099300372DE8 /* Icon.png in Resources */ = {isa = PBXBuildFile; fileRef = 538B247D1434099300372DE8 /* Icon.png */; };
		538B24801434099300372DE8 /* Icon@2x.png in Resources */ = {isa = PBXBuildFile; fileRef = 538B247F1434099300372DE8 /* Icon@2x.png */; };
		538B24831434099300372DE8 /* iTunesArtwork in Resources */ = {isa = PBXBuildFile; fileRef = 538B24821434099300372DE8 /* iTunesArtwork */; };
		538B24881434099300372DE8 /* CCAction.m in Sources */ = {isa = PBXBuildFile; fileRef = 538B24871434099300372DE8 /* CCAction.m */; };
		538B248B1434099300372DE8 /* CCActionCamera.m in Sources */ = {isa = PBXBuildFile; fileRef = 538B248A1434099300372DE8 /* CCActionCamera.m */; };
		538B248E1434099300372DE8 /* CCActionEase.m in Sources */ = {isa = PBXBuildFile; fileRef = 538B248D1434099300372DE8 /* CCActionEase.m */; };
		538B24911434099300372DE8 /* CCActionGrid.m in Sources */ = {isa = PBXBuildFile; fileRef = 538B24901434099300372DE8 /* CCActionGrid.m */; };
		538B24941434099300372DE8 /* CCActionGrid3D.m in Sources */ = {isa = PBXBuildFile; fileRef = 538B24931434099300372DE8 /* CCActionGrid3D.m */; };
		538B24971434099300372DE8 /* CCActionInstant.m in Sources */ = {isa = PBXBuildFile; fileRef = 538B24961434099300372DE8 /* CCActionInstant.m */; };
		538B249A1434099300372DE8 /* CCActionInterval.m in Sources */ = {isa = PBXBuildFile; fileRef = 538B24991434099300372DE8 /* CCActionInterval.m */; };
		538B249D1434099300372DE8 /* CCActionManager.m in Sources */ = {isa = PBXBuildFile; fileRef = 538B249C1434099300372DE8 /* CCActionManager.m */; };
		538B24A01434099300372DE8 /* CCActionPageTurn3D.m in Sources */ = {isa = PBXBuildFile; fileRef = 538B249F1434099300372DE8 /* CCActionPageTurn3D.m */; };
		538B24A31434099300372DE8 /* CCActionProgressTimer.m in Sources */ = {isa = PBXBuildFile; fileRef = 538B24A21434099300372DE8 /* CCActionProgressTimer.m */; };
		538B24A61434099400372DE8 /* CCActionTiledGrid.m in Sources */ = {isa = PBXBuildFile; fileRef = 538B24A51434099400372DE8 /* CCActionTiledGrid.m */; };
		538B24A91434099400372DE8 /* CCActionTween.m in Sources */ = {isa = PBXBuildFile; fileRef = 538B24A81434099400372DE8 /* CCActionTween.m */; };
		538B24AC1434099400372DE8 /* CCAnimation.m in Sources */ = {isa = PBXBuildFile; fileRef = 538B24AB1434099400372DE8 /* CCAnimation.m */; };
		538B24AF1434099400372DE8 /* CCAnimationCache.m in Sources */ = {isa = PBXBuildFile; fileRef = 538B24AE1434099400372DE8 /* CCAnimationCache.m */; };
		538B24B21434099400372DE8 /* CCAtlasNode.m in Sources */ = {isa = PBXBuildFile; fileRef = 538B24B11434099400372DE8 /* CCAtlasNode.m */; };
		538B24B51434099400372DE8 /* CCBlockSupport.m in Sources */ = {isa = PBXBuildFile; fileRef = 538B24B41434099400372DE8 /* CCBlockSupport.m */; };
		538B24B81434099400372DE8 /* CCCamera.m in Sources */ = {isa = PBXBuildFile; fileRef = 538B24B71434099400372DE8 /* CCCamera.m */; };
		538B24BC1434099400372DE8 /* CCConfiguration.m in Sources */ = {isa = PBXBuildFile; fileRef = 538B24BB1434099400372DE8 /* CCConfiguration.m */; };
		538B24BF1434099400372DE8 /* CCDirector.m in Sources */ = {isa = PBXBuildFile; fileRef = 538B24BE1434099400372DE8 /* CCDirector.m */; };
		538B24C21434099400372DE8 /* CCDrawingPrimitives.m in Sources */ = {isa = PBXBuildFile; fileRef = 538B24C11434099400372DE8 /* CCDrawingPrimitives.m */; };
		538B24C51434099400372DE8 /* CCGrabber.m in Sources */ = {isa = PBXBuildFile; fileRef = 538B24C41434099400372DE8 /* CCGrabber.m */; };
		538B24C81434099400372DE8 /* CCGrid.m in Sources */ = {isa = PBXBuildFile; fileRef = 538B24C71434099400372DE8 /* CCGrid.m */; };
		538B24CB1434099400372DE8 /* CCLabelAtlas.m in Sources */ = {isa = PBXBuildFile; fileRef = 538B24CA1434099400372DE8 /* CCLabelAtlas.m */; };
		538B24CE1434099400372DE8 /* CCLabelBMFont.m in Sources */ = {isa = PBXBuildFile; fileRef = 538B24CD1434099400372DE8 /* CCLabelBMFont.m */; };
		538B24D11434099400372DE8 /* CCLabelTTF.m in Sources */ = {isa = PBXBuildFile; fileRef = 538B24D01434099400372DE8 /* CCLabelTTF.m */; };
		538B24D41434099400372DE8 /* CCLayer.m in Sources */ = {isa = PBXBuildFile; fileRef = 538B24D31434099400372DE8 /* CCLayer.m */; };
		538B24D81434099400372DE8 /* CCMenu.m in Sources */ = {isa = PBXBuildFile; fileRef = 538B24D71434099400372DE8 /* CCMenu.m */; };
		538B24DB1434099400372DE8 /* CCMenuItem.m in Sources */ = {isa = PBXBuildFile; fileRef = 538B24DA1434099400372DE8 /* CCMenuItem.m */; };
		538B24DE1434099400372DE8 /* CCMotionStreak.m in Sources */ = {isa = PBXBuildFile; fileRef = 538B24DD1434099400372DE8 /* CCMotionStreak.m */; };
		538B24E11434099400372DE8 /* CCNode.m in Sources */ = {isa = PBXBuildFile; fileRef = 538B24E01434099400372DE8 /* CCNode.m */; };
		538B24E41434099400372DE8 /* CCParallaxNode.m in Sources */ = {isa = PBXBuildFile; fileRef = 538B24E31434099400372DE8 /* CCParallaxNode.m */; };
		538B24E71434099400372DE8 /* CCParticleExamples.m in Sources */ = {isa = PBXBuildFile; fileRef = 538B24E61434099400372DE8 /* CCParticleExamples.m */; };
		538B24EA1434099400372DE8 /* CCParticleSystem.m in Sources */ = {isa = PBXBuildFile; fileRef = 538B24E91434099400372DE8 /* CCParticleSystem.m */; };
		538B24ED1434099400372DE8 /* CCParticleSystemPoint.m in Sources */ = {isa = PBXBuildFile; fileRef = 538B24EC1434099400372DE8 /* CCParticleSystemPoint.m */; };
		538B24F01434099400372DE8 /* CCParticleSystemQuad.m in Sources */ = {isa = PBXBuildFile; fileRef = 538B24EF1434099400372DE8 /* CCParticleSystemQuad.m */; };
		538B24F31434099400372DE8 /* CCProgressTimer.m in Sources */ = {isa = PBXBuildFile; fileRef = 538B24F21434099400372DE8 /* CCProgressTimer.m */; };
		538B24F71434099400372DE8 /* CCRenderTexture.m in Sources */ = {isa = PBXBuildFile; fileRef = 538B24F61434099400372DE8 /* CCRenderTexture.m */; };
		538B24FA1434099400372DE8 /* CCRibbon.m in Sources */ = {isa = PBXBuildFile; fileRef = 538B24F91434099400372DE8 /* CCRibbon.m */; };
		538B24FD1434099400372DE8 /* CCScene.m in Sources */ = {isa = PBXBuildFile; fileRef = 538B24FC1434099400372DE8 /* CCScene.m */; };
		538B25001434099400372DE8 /* CCScheduler.m in Sources */ = {isa = PBXBuildFile; fileRef = 538B24FF1434099400372DE8 /* CCScheduler.m */; };
		538B25031434099400372DE8 /* CCSprite.m in Sources */ = {isa = PBXBuildFile; fileRef = 538B25021434099400372DE8 /* CCSprite.m */; };
		538B25061434099400372DE8 /* CCSpriteBatchNode.m in Sources */ = {isa = PBXBuildFile; fileRef = 538B25051434099400372DE8 /* CCSpriteBatchNode.m */; };
		538B25091434099400372DE8 /* CCSpriteFrame.m in Sources */ = {isa = PBXBuildFile; fileRef = 538B25081434099400372DE8 /* CCSpriteFrame.m */; };
		538B250C1434099400372DE8 /* CCSpriteFrameCache.m in Sources */ = {isa = PBXBuildFile; fileRef = 538B250B1434099400372DE8 /* CCSpriteFrameCache.m */; };
		538B250F1434099400372DE8 /* CCTexture2D.m in Sources */ = {isa = PBXBuildFile; fileRef = 538B250E1434099400372DE8 /* CCTexture2D.m */; };
		538B25121434099400372DE8 /* CCTextureAtlas.m in Sources */ = {isa = PBXBuildFile; fileRef = 538B25111434099400372DE8 /* CCTextureAtlas.m */; };
		538B25151434099400372DE8 /* CCTextureCache.m in Sources */ = {isa = PBXBuildFile; fileRef = 538B25141434099400372DE8 /* CCTextureCache.m */; };
		538B25181434099400372DE8 /* CCTexturePVR.m in Sources */ = {isa = PBXBuildFile; fileRef = 538B25171434099400372DE8 /* CCTexturePVR.m */; };
		538B251B1434099500372DE8 /* CCTileMapAtlas.m in Sources */ = {isa = PBXBuildFile; fileRef = 538B251A1434099500372DE8 /* CCTileMapAtlas.m */; };
		538B251E1434099500372DE8 /* CCTMXLayer.m in Sources */ = {isa = PBXBuildFile; fileRef = 538B251D1434099500372DE8 /* CCTMXLayer.m */; };
		538B25211434099500372DE8 /* CCTMXObjectGroup.m in Sources */ = {isa = PBXBuildFile; fileRef = 538B25201434099500372DE8 /* CCTMXObjectGroup.m */; };
		538B25241434099500372DE8 /* CCTMXTiledMap.m in Sources */ = {isa = PBXBuildFile; fileRef = 538B25231434099500372DE8 /* CCTMXTiledMap.m */; };
		538B25271434099500372DE8 /* CCTMXXMLParser.m in Sources */ = {isa = PBXBuildFile; fileRef = 538B25261434099500372DE8 /* CCTMXXMLParser.m */; };
		538B252A1434099500372DE8 /* CCTransition.m in Sources */ = {isa = PBXBuildFile; fileRef = 538B25291434099500372DE8 /* CCTransition.m */; };
		538B252D1434099500372DE8 /* CCTransitionPageTurn.m in Sources */ = {isa = PBXBuildFile; fileRef = 538B252C1434099500372DE8 /* CCTransitionPageTurn.m */; };
		538B25301434099500372DE8 /* CCTransitionRadial.m in Sources */ = {isa = PBXBuildFile; fileRef = 538B252F1434099500372DE8 /* CCTransitionRadial.m */; };
		538B25341434099500372DE8 /* cocos2d.m in Sources */ = {isa = PBXBuildFile; fileRef = 538B25331434099500372DE8 /* cocos2d.m */; };
		538B253B1434099500372DE8 /* CCDirectorIOS.m in Sources */ = {isa = PBXBuildFile; fileRef = 538B253A1434099500372DE8 /* CCDirectorIOS.m */; };
		538B253F1434099500372DE8 /* CCTouchDispatcher.m in Sources */ = {isa = PBXBuildFile; fileRef = 538B253E1434099500372DE8 /* CCTouchDispatcher.m */; };
		538B25421434099500372DE8 /* CCTouchHandler.m in Sources */ = {isa = PBXBuildFile; fileRef = 538B25411434099500372DE8 /* CCTouchHandler.m */; };
		538B25451434099500372DE8 /* EAGLView.m in Sources */ = {isa = PBXBuildFile; fileRef = 538B25441434099500372DE8 /* EAGLView.m */; };
		538B25481434099500372DE8 /* ES1Renderer.m in Sources */ = {isa = PBXBuildFile; fileRef = 538B25471434099500372DE8 /* ES1Renderer.m */; };
		538B254B1434099500372DE8 /* glu.c in Sources */ = {isa = PBXBuildFile; fileRef = 538B254A1434099500372DE8 /* glu.c */; };
		538B25501434099500372DE8 /* CCDirectorMac.m in Sources */ = {isa = PBXBuildFile; fileRef = 538B254F1434099500372DE8 /* CCDirectorMac.m */; };
		538B25531434099500372DE8 /* CCEventDispatcher.m in Sources */ = {isa = PBXBuildFile; fileRef = 538B25521434099500372DE8 /* CCEventDispatcher.m */; };
		538B25561434099500372DE8 /* MacGLView.m in Sources */ = {isa = PBXBuildFile; fileRef = 538B25551434099500372DE8 /* MacGLView.m */; };
		538B25591434099500372DE8 /* MacWindow.m in Sources */ = {isa = PBXBuildFile; fileRef = 538B25581434099500372DE8 /* MacWindow.m */; };
		538B255C1434099500372DE8 /* base64.c in Sources */ = {isa = PBXBuildFile; fileRef = 538B255B1434099500372DE8 /* base64.c */; };
		538B25601434099500372DE8 /* CCArray.m in Sources */ = {isa = PBXBuildFile; fileRef = 538B255F1434099500372DE8 /* CCArray.m */; };
		538B25641434099500372DE8 /* CCFileUtils.m in Sources */ = {isa = PBXBuildFile; fileRef = 538B25631434099500372DE8 /* CCFileUtils.m */; };
		538B25671434099500372DE8 /* CCProfiling.m in Sources */ = {isa = PBXBuildFile; fileRef = 538B25661434099500372DE8 /* CCProfiling.m */; };
		538B25691434099500372DE8 /* ccUtils.c in Sources */ = {isa = PBXBuildFile; fileRef = 538B25681434099500372DE8 /* ccUtils.c */; };
		538B256D1434099500372DE8 /* CGPointExtension.m in Sources */ = {isa = PBXBuildFile; fileRef = 538B256C1434099500372DE8 /* CGPointExtension.m */; };
		538B25711434099500372DE8 /* TGAlib.m in Sources */ = {isa = PBXBuildFile; fileRef = 538B25701434099500372DE8 /* TGAlib.m */; };
		538B25741434099500372DE8 /* TransformUtils.m in Sources */ = {isa = PBXBuildFile; fileRef = 538B25731434099500372DE8 /* TransformUtils.m */; };
		538B25791434099500372DE8 /* ZipUtils.m in Sources */ = {isa = PBXBuildFile; fileRef = 538B25781434099500372DE8 /* ZipUtils.m */; };
		538B257E1434099500372DE8 /* CDAudioManager.m in Sources */ = {isa = PBXBuildFile; fileRef = 538B257D1434099500372DE8 /* CDAudioManager.m */; };
		538B25821434099500372DE8 /* CDOpenALSupport.m in Sources */ = {isa = PBXBuildFile; fileRef = 538B25811434099500372DE8 /* CDOpenALSupport.m */; };
		538B25851434099500372DE8 /* CocosDenshion.m in Sources */ = {isa = PBXBuildFile; fileRef = 538B25841434099500372DE8 /* CocosDenshion.m */; };
		538B25881434099500372DE8 /* SimpleAudioEngine.m in Sources */ = {isa = PBXBuildFile; fileRef = 538B25871434099500372DE8 /* SimpleAudioEngine.m */; };
		538B258D1434099500372DE8 /* CLScoreServerPost.m in Sources */ = {isa = PBXBuildFile; fileRef = 538B258C1434099500372DE8 /* CLScoreServerPost.m */; };
		538B25901434099500372DE8 /* CLScoreServerRequest.m in Sources */ = {isa = PBXBuildFile; fileRef = 538B258F1434099500372DE8 /* CLScoreServerRequest.m */; };
		538B25931434099500372DE8 /* cocoslive.m in Sources */ = {isa = PBXBuildFile; fileRef = 538B25921434099500372DE8 /* cocoslive.m */; };
		538B25981434099500372DE8 /* CDataScanner.m in Sources */ = {isa = PBXBuildFile; fileRef = 538B25971434099500372DE8 /* CDataScanner.m */; };
		538B259C1434099600372DE8 /* CDataScanner_Extensions.m in Sources */ = {isa = PBXBuildFile; fileRef = 538B259B1434099600372DE8 /* CDataScanner_Extensions.m */; };
		538B259F1434099600372DE8 /* NSDictionary_JSONExtensions.m in Sources */ = {isa = PBXBuildFile; fileRef = 538B259E1434099600372DE8 /* NSDictionary_JSONExtensions.m */; };
		538B25A31434099600372DE8 /* CJSONDeserializer.m in Sources */ = {isa = PBXBuildFile; fileRef = 538B25A21434099600372DE8 /* CJSONDeserializer.m */; };
		538B25A61434099600372DE8 /* CJSONScanner.m in Sources */ = {isa = PBXBuildFile; fileRef = 538B25A51434099600372DE8 /* CJSONScanner.m */; };
		538B25A91434099600372DE8 /* CJSONSerializer.m in Sources */ = {isa = PBXBuildFile; fileRef = 538B25A81434099600372DE8 /* CJSONSerializer.m */; };
		538B25AE1434099600372DE8 /* FontLabel.m in Sources */ = {isa = PBXBuildFile; fileRef = 538B25AD1434099600372DE8 /* FontLabel.m */; };
		538B25B11434099600372DE8 /* FontLabelStringDrawing.m in Sources */ = {isa = PBXBuildFile; fileRef = 538B25B01434099600372DE8 /* FontLabelStringDrawing.m */; };
		538B25B41434099600372DE8 /* FontManager.m in Sources */ = {isa = PBXBuildFile; fileRef = 538B25B31434099600372DE8 /* FontManager.m */; };
		538B25B71434099600372DE8 /* ZAttributedString.m in Sources */ = {isa = PBXBuildFile; fileRef = 538B25B61434099600372DE8 /* ZAttributedString.m */; };
		538B25BB1434099600372DE8 /* ZFont.m in Sources */ = {isa = PBXBuildFile; fileRef = 538B25BA1434099600372DE8 /* ZFont.m */; };
		538B25C01434099600372DE8 /* main.m in Sources */ = {isa = PBXBuildFile; fileRef = 538B25BF1434099600372DE8 /* main.m */; };
		538B25C31434099600372DE8 /* AppDelegate.m in Sources */ = {isa = PBXBuildFile; fileRef = 538B25C21434099600372DE8 /* AppDelegate.m */; };
		538B25C61434099600372DE8 /* RootViewController.m in Sources */ = {isa = PBXBuildFile; fileRef = 538B25C51434099600372DE8 /* RootViewController.m */; };
		538B25C91434099600372DE8 /* HelloWorldLayer.m in Sources */ = {isa = PBXBuildFile; fileRef = 538B25C81434099600372DE8 /* HelloWorldLayer.m */; };
/* End PBXBuildFile section */

/* Begin PBXFileReference section */
		538B245B1434099300372DE8 /* ResourceTool.app */ = {isa = PBXFileReference; explicitFileType = wrapper.application; includeInIndex = 0; path = ResourceTool.app; sourceTree = BUILT_PRODUCTS_DIR; };
		538B245F1434099300372DE8 /* QuartzCore.framework */ = {isa = PBXFileReference; lastKnownFileType = wrapper.framework; name = QuartzCore.framework; path = System/Library/Frameworks/QuartzCore.framework; sourceTree = SDKROOT; };
		538B24611434099300372DE8 /* OpenGLES.framework */ = {isa = PBXFileReference; lastKnownFileType = wrapper.framework; name = OpenGLES.framework; path = System/Library/Frameworks/OpenGLES.framework; sourceTree = SDKROOT; };
		538B24631434099300372DE8 /* OpenAL.framework */ = {isa = PBXFileReference; lastKnownFileType = wrapper.framework; name = OpenAL.framework; path = System/Library/Frameworks/OpenAL.framework; sourceTree = SDKROOT; };
		538B24651434099300372DE8 /* AudioToolbox.framework */ = {isa = PBXFileReference; lastKnownFileType = wrapper.framework; name = AudioToolbox.framework; path = System/Library/Frameworks/AudioToolbox.framework; sourceTree = SDKROOT; };
		538B24671434099300372DE8 /* AVFoundation.framework */ = {isa = PBXFileReference; lastKnownFileType = wrapper.framework; name = AVFoundation.framework; path = System/Library/Frameworks/AVFoundation.framework; sourceTree = SDKROOT; };
		538B24691434099300372DE8 /* UIKit.framework */ = {isa = PBXFileReference; lastKnownFileType = wrapper.framework; name = UIKit.framework; path = System/Library/Frameworks/UIKit.framework; sourceTree = SDKROOT; };
		538B246B1434099300372DE8 /* Foundation.framework */ = {isa = PBXFileReference; lastKnownFileType = wrapper.framework; name = Foundation.framework; path = System/Library/Frameworks/Foundation.framework; sourceTree = SDKROOT; };
		538B246D1434099300372DE8 /* CoreGraphics.framework */ = {isa = PBXFileReference; lastKnownFileType = wrapper.framework; name = CoreGraphics.framework; path = System/Library/Frameworks/CoreGraphics.framework; sourceTree = SDKROOT; };
		538B24711434099300372DE8 /* Default.png */ = {isa = PBXFileReference; lastKnownFileType = image.png; name = Default.png; path = Resources/Default.png; sourceTree = "<group>"; };
		538B24731434099300372DE8 /* fps_images.png */ = {isa = PBXFileReference; lastKnownFileType = image.png; name = fps_images.png; path = Resources/fps_images.png; sourceTree = "<group>"; };
		538B24751434099300372DE8 /* Icon-72.png */ = {isa = PBXFileReference; lastKnownFileType = image.png; name = "Icon-72.png"; path = "Resources/Icon-72.png"; sourceTree = "<group>"; };
		538B24771434099300372DE8 /* Icon-Small-50.png */ = {isa = PBXFileReference; lastKnownFileType = image.png; name = "Icon-Small-50.png"; path = "Resources/Icon-Small-50.png"; sourceTree = "<group>"; };
		538B24791434099300372DE8 /* Icon-Small.png */ = {isa = PBXFileReference; lastKnownFileType = image.png; name = "Icon-Small.png"; path = "Resources/Icon-Small.png"; sourceTree = "<group>"; };
		538B247B1434099300372DE8 /* Icon-Small@2x.png */ = {isa = PBXFileReference; lastKnownFileType = image.png; name = "Icon-Small@2x.png"; path = "Resources/Icon-Small@2x.png"; sourceTree = "<group>"; };
		538B247D1434099300372DE8 /* Icon.png */ = {isa = PBXFileReference; lastKnownFileType = image.png; name = Icon.png; path = Resources/Icon.png; sourceTree = "<group>"; };
		538B247F1434099300372DE8 /* Icon@2x.png */ = {isa = PBXFileReference; lastKnownFileType = image.png; name = "Icon@2x.png"; path = "Resources/Icon@2x.png"; sourceTree = "<group>"; };
		538B24811434099300372DE8 /* Info.plist */ = {isa = PBXFileReference; name = Info.plist; path = Resources/Info.plist; sourceTree = "<group>"; };
		538B24821434099300372DE8 /* iTunesArtwork */ = {isa = PBXFileReference; lastKnownFileType = file; name = iTunesArtwork; path = Resources/iTunesArtwork; sourceTree = "<group>"; };
		538B24861434099300372DE8 /* CCAction.h */ = {isa = PBXFileReference; name = CCAction.h; path = libs/cocos2d/CCAction.h; sourceTree = "<group>"; };
		538B24871434099300372DE8 /* CCAction.m */ = {isa = PBXFileReference; lastKnownFileType = sourcecode.c.objc; name = CCAction.m; path = libs/cocos2d/CCAction.m; sourceTree = "<group>"; };
		538B24891434099300372DE8 /* CCActionCamera.h */ = {isa = PBXFileReference; name = CCActionCamera.h; path = libs/cocos2d/CCActionCamera.h; sourceTree = "<group>"; };
		538B248A1434099300372DE8 /* CCActionCamera.m */ = {isa = PBXFileReference; lastKnownFileType = sourcecode.c.objc; name = CCActionCamera.m; path = libs/cocos2d/CCActionCamera.m; sourceTree = "<group>"; };
		538B248C1434099300372DE8 /* CCActionEase.h */ = {isa = PBXFileReference; name = CCActionEase.h; path = libs/cocos2d/CCActionEase.h; sourceTree = "<group>"; };
		538B248D1434099300372DE8 /* CCActionEase.m */ = {isa = PBXFileReference; lastKnownFileType = sourcecode.c.objc; name = CCActionEase.m; path = libs/cocos2d/CCActionEase.m; sourceTree = "<group>"; };
		538B248F1434099300372DE8 /* CCActionGrid.h */ = {isa = PBXFileReference; name = CCActionGrid.h; path = libs/cocos2d/CCActionGrid.h; sourceTree = "<group>"; };
		538B24901434099300372DE8 /* CCActionGrid.m */ = {isa = PBXFileReference; lastKnownFileType = sourcecode.c.objc; name = CCActionGrid.m; path = libs/cocos2d/CCActionGrid.m; sourceTree = "<group>"; };
		538B24921434099300372DE8 /* CCActionGrid3D.h */ = {isa = PBXFileReference; name = CCActionGrid3D.h; path = libs/cocos2d/CCActionGrid3D.h; sourceTree = "<group>"; };
		538B24931434099300372DE8 /* CCActionGrid3D.m */ = {isa = PBXFileReference; lastKnownFileType = sourcecode.c.objc; name = CCActionGrid3D.m; path = libs/cocos2d/CCActionGrid3D.m; sourceTree = "<group>"; };
		538B24951434099300372DE8 /* CCActionInstant.h */ = {isa = PBXFileReference; name = CCActionInstant.h; path = libs/cocos2d/CCActionInstant.h; sourceTree = "<group>"; };
		538B24961434099300372DE8 /* CCActionInstant.m */ = {isa = PBXFileReference; lastKnownFileType = sourcecode.c.objc; name = CCActionInstant.m; path = libs/cocos2d/CCActionInstant.m; sourceTree = "<group>"; };
		538B24981434099300372DE8 /* CCActionInterval.h */ = {isa = PBXFileReference; name = CCActionInterval.h; path = libs/cocos2d/CCActionInterval.h; sourceTree = "<group>"; };
		538B24991434099300372DE8 /* CCActionInterval.m */ = {isa = PBXFileReference; lastKnownFileType = sourcecode.c.objc; name = CCActionInterval.m; path = libs/cocos2d/CCActionInterval.m; sourceTree = "<group>"; };
		538B249B1434099300372DE8 /* CCActionManager.h */ = {isa = PBXFileReference; name = CCActionManager.h; path = libs/cocos2d/CCActionManager.h; sourceTree = "<group>"; };
		538B249C1434099300372DE8 /* CCActionManager.m */ = {isa = PBXFileReference; lastKnownFileType = sourcecode.c.objc; name = CCActionManager.m; path = libs/cocos2d/CCActionManager.m; sourceTree = "<group>"; };
		538B249E1434099300372DE8 /* CCActionPageTurn3D.h */ = {isa = PBXFileReference; name = CCActionPageTurn3D.h; path = libs/cocos2d/CCActionPageTurn3D.h; sourceTree = "<group>"; };
		538B249F1434099300372DE8 /* CCActionPageTurn3D.m */ = {isa = PBXFileReference; lastKnownFileType = sourcecode.c.objc; name = CCActionPageTurn3D.m; path = libs/cocos2d/CCActionPageTurn3D.m; sourceTree = "<group>"; };
		538B24A11434099300372DE8 /* CCActionProgressTimer.h */ = {isa = PBXFileReference; name = CCActionProgressTimer.h; path = libs/cocos2d/CCActionProgressTimer.h; sourceTree = "<group>"; };
		538B24A21434099300372DE8 /* CCActionProgressTimer.m */ = {isa = PBXFileReference; lastKnownFileType = sourcecode.c.objc; name = CCActionProgressTimer.m; path = libs/cocos2d/CCActionProgressTimer.m; sourceTree = "<group>"; };
		538B24A41434099300372DE8 /* CCActionTiledGrid.h */ = {isa = PBXFileReference; name = CCActionTiledGrid.h; path = libs/cocos2d/CCActionTiledGrid.h; sourceTree = "<group>"; };
		538B24A51434099400372DE8 /* CCActionTiledGrid.m */ = {isa = PBXFileReference; lastKnownFileType = sourcecode.c.objc; name = CCActionTiledGrid.m; path = libs/cocos2d/CCActionTiledGrid.m; sourceTree = "<group>"; };
		538B24A71434099400372DE8 /* CCActionTween.h */ = {isa = PBXFileReference; name = CCActionTween.h; path = libs/cocos2d/CCActionTween.h; sourceTree = "<group>"; };
		538B24A81434099400372DE8 /* CCActionTween.m */ = {isa = PBXFileReference; lastKnownFileType = sourcecode.c.objc; name = CCActionTween.m; path = libs/cocos2d/CCActionTween.m; sourceTree = "<group>"; };
		538B24AA1434099400372DE8 /* CCAnimation.h */ = {isa = PBXFileReference; name = CCAnimation.h; path = libs/cocos2d/CCAnimation.h; sourceTree = "<group>"; };
		538B24AB1434099400372DE8 /* CCAnimation.m */ = {isa = PBXFileReference; lastKnownFileType = sourcecode.c.objc; name = CCAnimation.m; path = libs/cocos2d/CCAnimation.m; sourceTree = "<group>"; };
		538B24AD1434099400372DE8 /* CCAnimationCache.h */ = {isa = PBXFileReference; name = CCAnimationCache.h; path = libs/cocos2d/CCAnimationCache.h; sourceTree = "<group>"; };
		538B24AE1434099400372DE8 /* CCAnimationCache.m */ = {isa = PBXFileReference; lastKnownFileType = sourcecode.c.objc; name = CCAnimationCache.m; path = libs/cocos2d/CCAnimationCache.m; sourceTree = "<group>"; };
		538B24B01434099400372DE8 /* CCAtlasNode.h */ = {isa = PBXFileReference; name = CCAtlasNode.h; path = libs/cocos2d/CCAtlasNode.h; sourceTree = "<group>"; };
		538B24B11434099400372DE8 /* CCAtlasNode.m */ = {isa = PBXFileReference; lastKnownFileType = sourcecode.c.objc; name = CCAtlasNode.m; path = libs/cocos2d/CCAtlasNode.m; sourceTree = "<group>"; };
		538B24B31434099400372DE8 /* CCBlockSupport.h */ = {isa = PBXFileReference; name = CCBlockSupport.h; path = libs/cocos2d/CCBlockSupport.h; sourceTree = "<group>"; };
		538B24B41434099400372DE8 /* CCBlockSupport.m */ = {isa = PBXFileReference; lastKnownFileType = sourcecode.c.objc; name = CCBlockSupport.m; path = libs/cocos2d/CCBlockSupport.m; sourceTree = "<group>"; };
		538B24B61434099400372DE8 /* CCCamera.h */ = {isa = PBXFileReference; name = CCCamera.h; path = libs/cocos2d/CCCamera.h; sourceTree = "<group>"; };
		538B24B71434099400372DE8 /* CCCamera.m */ = {isa = PBXFileReference; lastKnownFileType = sourcecode.c.objc; name = CCCamera.m; path = libs/cocos2d/CCCamera.m; sourceTree = "<group>"; };
		538B24B91434099400372DE8 /* ccConfig.h */ = {isa = PBXFileReference; name = ccConfig.h; path = libs/cocos2d/ccConfig.h; sourceTree = "<group>"; };
		538B24BA1434099400372DE8 /* CCConfiguration.h */ = {isa = PBXFileReference; name = CCConfiguration.h; path = libs/cocos2d/CCConfiguration.h; sourceTree = "<group>"; };
		538B24BB1434099400372DE8 /* CCConfiguration.m */ = {isa = PBXFileReference; lastKnownFileType = sourcecode.c.objc; name = CCConfiguration.m; path = libs/cocos2d/CCConfiguration.m; sourceTree = "<group>"; };
		538B24BD1434099400372DE8 /* CCDirector.h */ = {isa = PBXFileReference; name = CCDirector.h; path = libs/cocos2d/CCDirector.h; sourceTree = "<group>"; };
		538B24BE1434099400372DE8 /* CCDirector.m */ = {isa = PBXFileReference; lastKnownFileType = sourcecode.c.objc; name = CCDirector.m; path = libs/cocos2d/CCDirector.m; sourceTree = "<group>"; };
		538B24C01434099400372DE8 /* CCDrawingPrimitives.h */ = {isa = PBXFileReference; name = CCDrawingPrimitives.h; path = libs/cocos2d/CCDrawingPrimitives.h; sourceTree = "<group>"; };
		538B24C11434099400372DE8 /* CCDrawingPrimitives.m */ = {isa = PBXFileReference; lastKnownFileType = sourcecode.c.objc; name = CCDrawingPrimitives.m; path = libs/cocos2d/CCDrawingPrimitives.m; sourceTree = "<group>"; };
		538B24C31434099400372DE8 /* CCGrabber.h */ = {isa = PBXFileReference; name = CCGrabber.h; path = libs/cocos2d/CCGrabber.h; sourceTree = "<group>"; };
		538B24C41434099400372DE8 /* CCGrabber.m */ = {isa = PBXFileReference; lastKnownFileType = sourcecode.c.objc; name = CCGrabber.m; path = libs/cocos2d/CCGrabber.m; sourceTree = "<group>"; };
		538B24C61434099400372DE8 /* CCGrid.h */ = {isa = PBXFileReference; name = CCGrid.h; path = libs/cocos2d/CCGrid.h; sourceTree = "<group>"; };
		538B24C71434099400372DE8 /* CCGrid.m */ = {isa = PBXFileReference; lastKnownFileType = sourcecode.c.objc; name = CCGrid.m; path = libs/cocos2d/CCGrid.m; sourceTree = "<group>"; };
		538B24C91434099400372DE8 /* CCLabelAtlas.h */ = {isa = PBXFileReference; name = CCLabelAtlas.h; path = libs/cocos2d/CCLabelAtlas.h; sourceTree = "<group>"; };
		538B24CA1434099400372DE8 /* CCLabelAtlas.m */ = {isa = PBXFileReference; lastKnownFileType = sourcecode.c.objc; name = CCLabelAtlas.m; path = libs/cocos2d/CCLabelAtlas.m; sourceTree = "<group>"; };
		538B24CC1434099400372DE8 /* CCLabelBMFont.h */ = {isa = PBXFileReference; name = CCLabelBMFont.h; path = libs/cocos2d/CCLabelBMFont.h; sourceTree = "<group>"; };
		538B24CD1434099400372DE8 /* CCLabelBMFont.m */ = {isa = PBXFileReference; lastKnownFileType = sourcecode.c.objc; name = CCLabelBMFont.m; path = libs/cocos2d/CCLabelBMFont.m; sourceTree = "<group>"; };
		538B24CF1434099400372DE8 /* CCLabelTTF.h */ = {isa = PBXFileReference; name = CCLabelTTF.h; path = libs/cocos2d/CCLabelTTF.h; sourceTree = "<group>"; };
		538B24D01434099400372DE8 /* CCLabelTTF.m */ = {isa = PBXFileReference; lastKnownFileType = sourcecode.c.objc; name = CCLabelTTF.m; path = libs/cocos2d/CCLabelTTF.m; sourceTree = "<group>"; };
		538B24D21434099400372DE8 /* CCLayer.h */ = {isa = PBXFileReference; name = CCLayer.h; path = libs/cocos2d/CCLayer.h; sourceTree = "<group>"; };
		538B24D31434099400372DE8 /* CCLayer.m */ = {isa = PBXFileReference; lastKnownFileType = sourcecode.c.objc; name = CCLayer.m; path = libs/cocos2d/CCLayer.m; sourceTree = "<group>"; };
		538B24D51434099400372DE8 /* ccMacros.h */ = {isa = PBXFileReference; name = ccMacros.h; path = libs/cocos2d/ccMacros.h; sourceTree = "<group>"; };
		538B24D61434099400372DE8 /* CCMenu.h */ = {isa = PBXFileReference; name = CCMenu.h; path = libs/cocos2d/CCMenu.h; sourceTree = "<group>"; };
		538B24D71434099400372DE8 /* CCMenu.m */ = {isa = PBXFileReference; lastKnownFileType = sourcecode.c.objc; name = CCMenu.m; path = libs/cocos2d/CCMenu.m; sourceTree = "<group>"; };
		538B24D91434099400372DE8 /* CCMenuItem.h */ = {isa = PBXFileReference; name = CCMenuItem.h; path = libs/cocos2d/CCMenuItem.h; sourceTree = "<group>"; };
		538B24DA1434099400372DE8 /* CCMenuItem.m */ = {isa = PBXFileReference; lastKnownFileType = sourcecode.c.objc; name = CCMenuItem.m; path = libs/cocos2d/CCMenuItem.m; sourceTree = "<group>"; };
		538B24DC1434099400372DE8 /* CCMotionStreak.h */ = {isa = PBXFileReference; name = CCMotionStreak.h; path = libs/cocos2d/CCMotionStreak.h; sourceTree = "<group>"; };
		538B24DD1434099400372DE8 /* CCMotionStreak.m */ = {isa = PBXFileReference; lastKnownFileType = sourcecode.c.objc; name = CCMotionStreak.m; path = libs/cocos2d/CCMotionStreak.m; sourceTree = "<group>"; };
		538B24DF1434099400372DE8 /* CCNode.h */ = {isa = PBXFileReference; name = CCNode.h; path = libs/cocos2d/CCNode.h; sourceTree = "<group>"; };
		538B24E01434099400372DE8 /* CCNode.m */ = {isa = PBXFileReference; lastKnownFileType = sourcecode.c.objc; name = CCNode.m; path = libs/cocos2d/CCNode.m; sourceTree = "<group>"; };
		538B24E21434099400372DE8 /* CCParallaxNode.h */ = {isa = PBXFileReference; name = CCParallaxNode.h; path = libs/cocos2d/CCParallaxNode.h; sourceTree = "<group>"; };
		538B24E31434099400372DE8 /* CCParallaxNode.m */ = {isa = PBXFileReference; lastKnownFileType = sourcecode.c.objc; name = CCParallaxNode.m; path = libs/cocos2d/CCParallaxNode.m; sourceTree = "<group>"; };
		538B24E51434099400372DE8 /* CCParticleExamples.h */ = {isa = PBXFileReference; name = CCParticleExamples.h; path = libs/cocos2d/CCParticleExamples.h; sourceTree = "<group>"; };
		538B24E61434099400372DE8 /* CCParticleExamples.m */ = {isa = PBXFileReference; lastKnownFileType = sourcecode.c.objc; name = CCParticleExamples.m; path = libs/cocos2d/CCParticleExamples.m; sourceTree = "<group>"; };
		538B24E81434099400372DE8 /* CCParticleSystem.h */ = {isa = PBXFileReference; name = CCParticleSystem.h; path = libs/cocos2d/CCParticleSystem.h; sourceTree = "<group>"; };
		538B24E91434099400372DE8 /* CCParticleSystem.m */ = {isa = PBXFileReference; lastKnownFileType = sourcecode.c.objc; name = CCParticleSystem.m; path = libs/cocos2d/CCParticleSystem.m; sourceTree = "<group>"; };
		538B24EB1434099400372DE8 /* CCParticleSystemPoint.h */ = {isa = PBXFileReference; name = CCParticleSystemPoint.h; path = libs/cocos2d/CCParticleSystemPoint.h; sourceTree = "<group>"; };
		538B24EC1434099400372DE8 /* CCParticleSystemPoint.m */ = {isa = PBXFileReference; lastKnownFileType = sourcecode.c.objc; name = CCParticleSystemPoint.m; path = libs/cocos2d/CCParticleSystemPoint.m; sourceTree = "<group>"; };
		538B24EE1434099400372DE8 /* CCParticleSystemQuad.h */ = {isa = PBXFileReference; name = CCParticleSystemQuad.h; path = libs/cocos2d/CCParticleSystemQuad.h; sourceTree = "<group>"; };
		538B24EF1434099400372DE8 /* CCParticleSystemQuad.m */ = {isa = PBXFileReference; lastKnownFileType = sourcecode.c.objc; name = CCParticleSystemQuad.m; path = libs/cocos2d/CCParticleSystemQuad.m; sourceTree = "<group>"; };
		538B24F11434099400372DE8 /* CCProgressTimer.h */ = {isa = PBXFileReference; name = CCProgressTimer.h; path = libs/cocos2d/CCProgressTimer.h; sourceTree = "<group>"; };
		538B24F21434099400372DE8 /* CCProgressTimer.m */ = {isa = PBXFileReference; lastKnownFileType = sourcecode.c.objc; name = CCProgressTimer.m; path = libs/cocos2d/CCProgressTimer.m; sourceTree = "<group>"; };
		538B24F41434099400372DE8 /* CCProtocols.h */ = {isa = PBXFileReference; name = CCProtocols.h; path = libs/cocos2d/CCProtocols.h; sourceTree = "<group>"; };
		538B24F51434099400372DE8 /* CCRenderTexture.h */ = {isa = PBXFileReference; name = CCRenderTexture.h; path = libs/cocos2d/CCRenderTexture.h; sourceTree = "<group>"; };
		538B24F61434099400372DE8 /* CCRenderTexture.m */ = {isa = PBXFileReference; lastKnownFileType = sourcecode.c.objc; name = CCRenderTexture.m; path = libs/cocos2d/CCRenderTexture.m; sourceTree = "<group>"; };
		538B24F81434099400372DE8 /* CCRibbon.h */ = {isa = PBXFileReference; name = CCRibbon.h; path = libs/cocos2d/CCRibbon.h; sourceTree = "<group>"; };
		538B24F91434099400372DE8 /* CCRibbon.m */ = {isa = PBXFileReference; lastKnownFileType = sourcecode.c.objc; name = CCRibbon.m; path = libs/cocos2d/CCRibbon.m; sourceTree = "<group>"; };
		538B24FB1434099400372DE8 /* CCScene.h */ = {isa = PBXFileReference; name = CCScene.h; path = libs/cocos2d/CCScene.h; sourceTree = "<group>"; };
		538B24FC1434099400372DE8 /* CCScene.m */ = {isa = PBXFileReference; lastKnownFileType = sourcecode.c.objc; name = CCScene.m; path = libs/cocos2d/CCScene.m; sourceTree = "<group>"; };
		538B24FE1434099400372DE8 /* CCScheduler.h */ = {isa = PBXFileReference; name = CCScheduler.h; path = libs/cocos2d/CCScheduler.h; sourceTree = "<group>"; };
		538B24FF1434099400372DE8 /* CCScheduler.m */ = {isa = PBXFileReference; lastKnownFileType = sourcecode.c.objc; name = CCScheduler.m; path = libs/cocos2d/CCScheduler.m; sourceTree = "<group>"; };
		538B25011434099400372DE8 /* CCSprite.h */ = {isa = PBXFileReference; name = CCSprite.h; path = libs/cocos2d/CCSprite.h; sourceTree = "<group>"; };
		538B25021434099400372DE8 /* CCSprite.m */ = {isa = PBXFileReference; lastKnownFileType = sourcecode.c.objc; name = CCSprite.m; path = libs/cocos2d/CCSprite.m; sourceTree = "<group>"; };
		538B25041434099400372DE8 /* CCSpriteBatchNode.h */ = {isa = PBXFileReference; name = CCSpriteBatchNode.h; path = libs/cocos2d/CCSpriteBatchNode.h; sourceTree = "<group>"; };
		538B25051434099400372DE8 /* CCSpriteBatchNode.m */ = {isa = PBXFileReference; lastKnownFileType = sourcecode.c.objc; name = CCSpriteBatchNode.m; path = libs/cocos2d/CCSpriteBatchNode.m; sourceTree = "<group>"; };
		538B25071434099400372DE8 /* CCSpriteFrame.h */ = {isa = PBXFileReference; name = CCSpriteFrame.h; path = libs/cocos2d/CCSpriteFrame.h; sourceTree = "<group>"; };
		538B25081434099400372DE8 /* CCSpriteFrame.m */ = {isa = PBXFileReference; lastKnownFileType = sourcecode.c.objc; name = CCSpriteFrame.m; path = libs/cocos2d/CCSpriteFrame.m; sourceTree = "<group>"; };
		538B250A1434099400372DE8 /* CCSpriteFrameCache.h */ = {isa = PBXFileReference; name = CCSpriteFrameCache.h; path = libs/cocos2d/CCSpriteFrameCache.h; sourceTree = "<group>"; };
		538B250B1434099400372DE8 /* CCSpriteFrameCache.m */ = {isa = PBXFileReference; lastKnownFileType = sourcecode.c.objc; name = CCSpriteFrameCache.m; path = libs/cocos2d/CCSpriteFrameCache.m; sourceTree = "<group>"; };
		538B250D1434099400372DE8 /* CCTexture2D.h */ = {isa = PBXFileReference; name = CCTexture2D.h; path = libs/cocos2d/CCTexture2D.h; sourceTree = "<group>"; };
		538B250E1434099400372DE8 /* CCTexture2D.m */ = {isa = PBXFileReference; lastKnownFileType = sourcecode.c.objc; name = CCTexture2D.m; path = libs/cocos2d/CCTexture2D.m; sourceTree = "<group>"; };
		538B25101434099400372DE8 /* CCTextureAtlas.h */ = {isa = PBXFileReference; name = CCTextureAtlas.h; path = libs/cocos2d/CCTextureAtlas.h; sourceTree = "<group>"; };
		538B25111434099400372DE8 /* CCTextureAtlas.m */ = {isa = PBXFileReference; lastKnownFileType = sourcecode.c.objc; name = CCTextureAtlas.m; path = libs/cocos2d/CCTextureAtlas.m; sourceTree = "<group>"; };
		538B25131434099400372DE8 /* CCTextureCache.h */ = {isa = PBXFileReference; name = CCTextureCache.h; path = libs/cocos2d/CCTextureCache.h; sourceTree = "<group>"; };
		538B25141434099400372DE8 /* CCTextureCache.m */ = {isa = PBXFileReference; lastKnownFileType = sourcecode.c.objc; name = CCTextureCache.m; path = libs/cocos2d/CCTextureCache.m; sourceTree = "<group>"; };
		538B25161434099400372DE8 /* CCTexturePVR.h */ = {isa = PBXFileReference; name = CCTexturePVR.h; path = libs/cocos2d/CCTexturePVR.h; sourceTree = "<group>"; };
		538B25171434099400372DE8 /* CCTexturePVR.m */ = {isa = PBXFileReference; lastKnownFileType = sourcecode.c.objc; name = CCTexturePVR.m; path = libs/cocos2d/CCTexturePVR.m; sourceTree = "<group>"; };
		538B25191434099400372DE8 /* CCTileMapAtlas.h */ = {isa = PBXFileReference; name = CCTileMapAtlas.h; path = libs/cocos2d/CCTileMapAtlas.h; sourceTree = "<group>"; };
		538B251A1434099500372DE8 /* CCTileMapAtlas.m */ = {isa = PBXFileReference; lastKnownFileType = sourcecode.c.objc; name = CCTileMapAtlas.m; path = libs/cocos2d/CCTileMapAtlas.m; sourceTree = "<group>"; };
		538B251C1434099500372DE8 /* CCTMXLayer.h */ = {isa = PBXFileReference; name = CCTMXLayer.h; path = libs/cocos2d/CCTMXLayer.h; sourceTree = "<group>"; };
		538B251D1434099500372DE8 /* CCTMXLayer.m */ = {isa = PBXFileReference; lastKnownFileType = sourcecode.c.objc; name = CCTMXLayer.m; path = libs/cocos2d/CCTMXLayer.m; sourceTree = "<group>"; };
		538B251F1434099500372DE8 /* CCTMXObjectGroup.h */ = {isa = PBXFileReference; name = CCTMXObjectGroup.h; path = libs/cocos2d/CCTMXObjectGroup.h; sourceTree = "<group>"; };
		538B25201434099500372DE8 /* CCTMXObjectGroup.m */ = {isa = PBXFileReference; lastKnownFileType = sourcecode.c.objc; name = CCTMXObjectGroup.m; path = libs/cocos2d/CCTMXObjectGroup.m; sourceTree = "<group>"; };
		538B25221434099500372DE8 /* CCTMXTiledMap.h */ = {isa = PBXFileReference; name = CCTMXTiledMap.h; path = libs/cocos2d/CCTMXTiledMap.h; sourceTree = "<group>"; };
		538B25231434099500372DE8 /* CCTMXTiledMap.m */ = {isa = PBXFileReference; lastKnownFileType = sourcecode.c.objc; name = CCTMXTiledMap.m; path = libs/cocos2d/CCTMXTiledMap.m; sourceTree = "<group>"; };
		538B25251434099500372DE8 /* CCTMXXMLParser.h */ = {isa = PBXFileReference; name = CCTMXXMLParser.h; path = libs/cocos2d/CCTMXXMLParser.h; sourceTree = "<group>"; };
		538B25261434099500372DE8 /* CCTMXXMLParser.m */ = {isa = PBXFileReference; lastKnownFileType = sourcecode.c.objc; name = CCTMXXMLParser.m; path = libs/cocos2d/CCTMXXMLParser.m; sourceTree = "<group>"; };
		538B25281434099500372DE8 /* CCTransition.h */ = {isa = PBXFileReference; name = CCTransition.h; path = libs/cocos2d/CCTransition.h; sourceTree = "<group>"; };
		538B25291434099500372DE8 /* CCTransition.m */ = {isa = PBXFileReference; lastKnownFileType = sourcecode.c.objc; name = CCTransition.m; path = libs/cocos2d/CCTransition.m; sourceTree = "<group>"; };
		538B252B1434099500372DE8 /* CCTransitionPageTurn.h */ = {isa = PBXFileReference; name = CCTransitionPageTurn.h; path = libs/cocos2d/CCTransitionPageTurn.h; sourceTree = "<group>"; };
		538B252C1434099500372DE8 /* CCTransitionPageTurn.m */ = {isa = PBXFileReference; lastKnownFileType = sourcecode.c.objc; name = CCTransitionPageTurn.m; path = libs/cocos2d/CCTransitionPageTurn.m; sourceTree = "<group>"; };
		538B252E1434099500372DE8 /* CCTransitionRadial.h */ = {isa = PBXFileReference; name = CCTransitionRadial.h; path = libs/cocos2d/CCTransitionRadial.h; sourceTree = "<group>"; };
		538B252F1434099500372DE8 /* CCTransitionRadial.m */ = {isa = PBXFileReference; lastKnownFileType = sourcecode.c.objc; name = CCTransitionRadial.m; path = libs/cocos2d/CCTransitionRadial.m; sourceTree = "<group>"; };
		538B25311434099500372DE8 /* ccTypes.h */ = {isa = PBXFileReference; name = ccTypes.h; path = libs/cocos2d/ccTypes.h; sourceTree = "<group>"; };
		538B25321434099500372DE8 /* cocos2d.h */ = {isa = PBXFileReference; name = cocos2d.h; path = libs/cocos2d/cocos2d.h; sourceTree = "<group>"; };
		538B25331434099500372DE8 /* cocos2d.m */ = {isa = PBXFileReference; lastKnownFileType = sourcecode.c.objc; name = cocos2d.m; path = libs/cocos2d/cocos2d.m; sourceTree = "<group>"; };
		538B25361434099500372DE8 /* CCGL.h */ = {isa = PBXFileReference; name = CCGL.h; path = libs/cocos2d/Platforms/CCGL.h; sourceTree = "<group>"; };
		538B25371434099500372DE8 /* CCNS.h */ = {isa = PBXFileReference; name = CCNS.h; path = libs/cocos2d/Platforms/CCNS.h; sourceTree = "<group>"; };
		538B25391434099500372DE8 /* CCDirectorIOS.h */ = {isa = PBXFileReference; name = CCDirectorIOS.h; path = libs/cocos2d/Platforms/iOS/CCDirectorIOS.h; sourceTree = "<group>"; };
		538B253A1434099500372DE8 /* CCDirectorIOS.m */ = {isa = PBXFileReference; lastKnownFileType = sourcecode.c.objc; name = CCDirectorIOS.m; path = libs/cocos2d/Platforms/iOS/CCDirectorIOS.m; sourceTree = "<group>"; };
		538B253C1434099500372DE8 /* CCTouchDelegateProtocol.h */ = {isa = PBXFileReference; name = CCTouchDelegateProtocol.h; path = libs/cocos2d/Platforms/iOS/CCTouchDelegateProtocol.h; sourceTree = "<group>"; };
		538B253D1434099500372DE8 /* CCTouchDispatcher.h */ = {isa = PBXFileReference; name = CCTouchDispatcher.h; path = libs/cocos2d/Platforms/iOS/CCTouchDispatcher.h; sourceTree = "<group>"; };
		538B253E1434099500372DE8 /* CCTouchDispatcher.m */ = {isa = PBXFileReference; lastKnownFileType = sourcecode.c.objc; name = CCTouchDispatcher.m; path = libs/cocos2d/Platforms/iOS/CCTouchDispatcher.m; sourceTree = "<group>"; };
		538B25401434099500372DE8 /* CCTouchHandler.h */ = {isa = PBXFileReference; name = CCTouchHandler.h; path = libs/cocos2d/Platforms/iOS/CCTouchHandler.h; sourceTree = "<group>"; };
		538B25411434099500372DE8 /* CCTouchHandler.m */ = {isa = PBXFileReference; lastKnownFileType = sourcecode.c.objc; name = CCTouchHandler.m; path = libs/cocos2d/Platforms/iOS/CCTouchHandler.m; sourceTree = "<group>"; };
		538B25431434099500372DE8 /* EAGLView.h */ = {isa = PBXFileReference; name = EAGLView.h; path = libs/cocos2d/Platforms/iOS/EAGLView.h; sourceTree = "<group>"; };
		538B25441434099500372DE8 /* EAGLView.m */ = {isa = PBXFileReference; lastKnownFileType = sourcecode.c.objc; name = EAGLView.m; path = libs/cocos2d/Platforms/iOS/EAGLView.m; sourceTree = "<group>"; };
		538B25461434099500372DE8 /* ES1Renderer.h */ = {isa = PBXFileReference; name = ES1Renderer.h; path = libs/cocos2d/Platforms/iOS/ES1Renderer.h; sourceTree = "<group>"; };
		538B25471434099500372DE8 /* ES1Renderer.m */ = {isa = PBXFileReference; lastKnownFileType = sourcecode.c.objc; name = ES1Renderer.m; path = libs/cocos2d/Platforms/iOS/ES1Renderer.m; sourceTree = "<group>"; };
		538B25491434099500372DE8 /* ESRenderer.h */ = {isa = PBXFileReference; name = ESRenderer.h; path = libs/cocos2d/Platforms/iOS/ESRenderer.h; sourceTree = "<group>"; };
		538B254A1434099500372DE8 /* glu.c */ = {isa = PBXFileReference; lastKnownFileType = sourcecode.c.c; name = glu.c; path = libs/cocos2d/Platforms/iOS/glu.c; sourceTree = "<group>"; };
		538B254C1434099500372DE8 /* glu.h */ = {isa = PBXFileReference; name = glu.h; path = libs/cocos2d/Platforms/iOS/glu.h; sourceTree = "<group>"; };
		538B254E1434099500372DE8 /* CCDirectorMac.h */ = {isa = PBXFileReference; name = CCDirectorMac.h; path = libs/cocos2d/Platforms/Mac/CCDirectorMac.h; sourceTree = "<group>"; };
		538B254F1434099500372DE8 /* CCDirectorMac.m */ = {isa = PBXFileReference; lastKnownFileType = sourcecode.c.objc; name = CCDirectorMac.m; path = libs/cocos2d/Platforms/Mac/CCDirectorMac.m; sourceTree = "<group>"; };
		538B25511434099500372DE8 /* CCEventDispatcher.h */ = {isa = PBXFileReference; name = CCEventDispatcher.h; path = libs/cocos2d/Platforms/Mac/CCEventDispatcher.h; sourceTree = "<group>"; };
		538B25521434099500372DE8 /* CCEventDispatcher.m */ = {isa = PBXFileReference; lastKnownFileType = sourcecode.c.objc; name = CCEventDispatcher.m; path = libs/cocos2d/Platforms/Mac/CCEventDispatcher.m; sourceTree = "<group>"; };
		538B25541434099500372DE8 /* MacGLView.h */ = {isa = PBXFileReference; name = MacGLView.h; path = libs/cocos2d/Platforms/Mac/MacGLView.h; sourceTree = "<group>"; };
		538B25551434099500372DE8 /* MacGLView.m */ = {isa = PBXFileReference; lastKnownFileType = sourcecode.c.objc; name = MacGLView.m; path = libs/cocos2d/Platforms/Mac/MacGLView.m; sourceTree = "<group>"; };
		538B25571434099500372DE8 /* MacWindow.h */ = {isa = PBXFileReference; name = MacWindow.h; path = libs/cocos2d/Platforms/Mac/MacWindow.h; sourceTree = "<group>"; };
		538B25581434099500372DE8 /* MacWindow.m */ = {isa = PBXFileReference; lastKnownFileType = sourcecode.c.objc; name = MacWindow.m; path = libs/cocos2d/Platforms/Mac/MacWindow.m; sourceTree = "<group>"; };
		538B255B1434099500372DE8 /* base64.c */ = {isa = PBXFileReference; lastKnownFileType = sourcecode.c.c; name = base64.c; path = libs/cocos2d/Support/base64.c; sourceTree = "<group>"; };
		538B255D1434099500372DE8 /* base64.h */ = {isa = PBXFileReference; name = base64.h; path = libs/cocos2d/Support/base64.h; sourceTree = "<group>"; };
		538B255E1434099500372DE8 /* CCArray.h */ = {isa = PBXFileReference; name = CCArray.h; path = libs/cocos2d/Support/CCArray.h; sourceTree = "<group>"; };
		538B255F1434099500372DE8 /* CCArray.m */ = {isa = PBXFileReference; lastKnownFileType = sourcecode.c.objc; name = CCArray.m; path = libs/cocos2d/Support/CCArray.m; sourceTree = "<group>"; };
		538B25611434099500372DE8 /* ccCArray.h */ = {isa = PBXFileReference; name = ccCArray.h; path = libs/cocos2d/Support/ccCArray.h; sourceTree = "<group>"; };
		538B25621434099500372DE8 /* CCFileUtils.h */ = {isa = PBXFileReference; name = CCFileUtils.h; path = libs/cocos2d/Support/CCFileUtils.h; sourceTree = "<group>"; };
		538B25631434099500372DE8 /* CCFileUtils.m */ = {isa = PBXFileReference; lastKnownFileType = sourcecode.c.objc; name = CCFileUtils.m; path = libs/cocos2d/Support/CCFileUtils.m; sourceTree = "<group>"; };
		538B25651434099500372DE8 /* CCProfiling.h */ = {isa = PBXFileReference; name = CCProfiling.h; path = libs/cocos2d/Support/CCProfiling.h; sourceTree = "<group>"; };
		538B25661434099500372DE8 /* CCProfiling.m */ = {isa = PBXFileReference; lastKnownFileType = sourcecode.c.objc; name = CCProfiling.m; path = libs/cocos2d/Support/CCProfiling.m; sourceTree = "<group>"; };
		538B25681434099500372DE8 /* ccUtils.c */ = {isa = PBXFileReference; lastKnownFileType = sourcecode.c.c; name = ccUtils.c; path = libs/cocos2d/Support/ccUtils.c; sourceTree = "<group>"; };
		538B256A1434099500372DE8 /* ccUtils.h */ = {isa = PBXFileReference; name = ccUtils.h; path = libs/cocos2d/Support/ccUtils.h; sourceTree = "<group>"; };
		538B256B1434099500372DE8 /* CGPointExtension.h */ = {isa = PBXFileReference; name = CGPointExtension.h; path = libs/cocos2d/Support/CGPointExtension.h; sourceTree = "<group>"; };
		538B256C1434099500372DE8 /* CGPointExtension.m */ = {isa = PBXFileReference; lastKnownFileType = sourcecode.c.objc; name = CGPointExtension.m; path = libs/cocos2d/Support/CGPointExtension.m; sourceTree = "<group>"; };
		538B256E1434099500372DE8 /* OpenGL_Internal.h */ = {isa = PBXFileReference; name = OpenGL_Internal.h; path = libs/cocos2d/Support/OpenGL_Internal.h; sourceTree = "<group>"; };
		538B256F1434099500372DE8 /* TGAlib.h */ = {isa = PBXFileReference; name = TGAlib.h; path = libs/cocos2d/Support/TGAlib.h; sourceTree = "<group>"; };
		538B25701434099500372DE8 /* TGAlib.m */ = {isa = PBXFileReference; lastKnownFileType = sourcecode.c.objc; name = TGAlib.m; path = libs/cocos2d/Support/TGAlib.m; sourceTree = "<group>"; };
		538B25721434099500372DE8 /* TransformUtils.h */ = {isa = PBXFileReference; name = TransformUtils.h; path = libs/cocos2d/Support/TransformUtils.h; sourceTree = "<group>"; };
		538B25731434099500372DE8 /* TransformUtils.m */ = {isa = PBXFileReference; lastKnownFileType = sourcecode.c.objc; name = TransformUtils.m; path = libs/cocos2d/Support/TransformUtils.m; sourceTree = "<group>"; };
		538B25751434099500372DE8 /* uthash.h */ = {isa = PBXFileReference; name = uthash.h; path = libs/cocos2d/Support/uthash.h; sourceTree = "<group>"; };
		538B25761434099500372DE8 /* utlist.h */ = {isa = PBXFileReference; name = utlist.h; path = libs/cocos2d/Support/utlist.h; sourceTree = "<group>"; };
		538B25771434099500372DE8 /* ZipUtils.h */ = {isa = PBXFileReference; name = ZipUtils.h; path = libs/cocos2d/Support/ZipUtils.h; sourceTree = "<group>"; };
		538B25781434099500372DE8 /* ZipUtils.m */ = {isa = PBXFileReference; lastKnownFileType = sourcecode.c.objc; name = ZipUtils.m; path = libs/cocos2d/Support/ZipUtils.m; sourceTree = "<group>"; };
		538B257A1434099500372DE8 /* LICENSE_cocos2d.txt */ = {isa = PBXFileReference; name = LICENSE_cocos2d.txt; path = libs/LICENSE_cocos2d.txt; sourceTree = "<group>"; };
		538B257C1434099500372DE8 /* CDAudioManager.h */ = {isa = PBXFileReference; name = CDAudioManager.h; path = libs/CocosDenshion/CDAudioManager.h; sourceTree = "<group>"; };
		538B257D1434099500372DE8 /* CDAudioManager.m */ = {isa = PBXFileReference; lastKnownFileType = sourcecode.c.objc; name = CDAudioManager.m; path = libs/CocosDenshion/CDAudioManager.m; sourceTree = "<group>"; };
		538B257F1434099500372DE8 /* CDConfig.h */ = {isa = PBXFileReference; name = CDConfig.h; path = libs/CocosDenshion/CDConfig.h; sourceTree = "<group>"; };
		538B25801434099500372DE8 /* CDOpenALSupport.h */ = {isa = PBXFileReference; name = CDOpenALSupport.h; path = libs/CocosDenshion/CDOpenALSupport.h; sourceTree = "<group>"; };
		538B25811434099500372DE8 /* CDOpenALSupport.m */ = {isa = PBXFileReference; lastKnownFileType = sourcecode.c.objc; name = CDOpenALSupport.m; path = libs/CocosDenshion/CDOpenALSupport.m; sourceTree = "<group>"; };
		538B25831434099500372DE8 /* CocosDenshion.h */ = {isa = PBXFileReference; name = CocosDenshion.h; path = libs/CocosDenshion/CocosDenshion.h; sourceTree = "<group>"; };
		538B25841434099500372DE8 /* CocosDenshion.m */ = {isa = PBXFileReference; lastKnownFileType = sourcecode.c.objc; name = CocosDenshion.m; path = libs/CocosDenshion/CocosDenshion.m; sourceTree = "<group>"; };
		538B25861434099500372DE8 /* SimpleAudioEngine.h */ = {isa = PBXFileReference; name = SimpleAudioEngine.h; path = libs/CocosDenshion/SimpleAudioEngine.h; sourceTree = "<group>"; };
		538B25871434099500372DE8 /* SimpleAudioEngine.m */ = {isa = PBXFileReference; lastKnownFileType = sourcecode.c.objc; name = SimpleAudioEngine.m; path = libs/CocosDenshion/SimpleAudioEngine.m; sourceTree = "<group>"; };
		538B25891434099500372DE8 /* LICENSE_CocosDenshion.txt */ = {isa = PBXFileReference; name = LICENSE_CocosDenshion.txt; path = libs/LICENSE_CocosDenshion.txt; sourceTree = "<group>"; };
		538B258B1434099500372DE8 /* CLScoreServerPost.h */ = {isa = PBXFileReference; name = CLScoreServerPost.h; path = libs/cocoslive/CLScoreServerPost.h; sourceTree = "<group>"; };
		538B258C1434099500372DE8 /* CLScoreServerPost.m */ = {isa = PBXFileReference; lastKnownFileType = sourcecode.c.objc; name = CLScoreServerPost.m; path = libs/cocoslive/CLScoreServerPost.m; sourceTree = "<group>"; };
		538B258E1434099500372DE8 /* CLScoreServerRequest.h */ = {isa = PBXFileReference; name = CLScoreServerRequest.h; path = libs/cocoslive/CLScoreServerRequest.h; sourceTree = "<group>"; };
		538B258F1434099500372DE8 /* CLScoreServerRequest.m */ = {isa = PBXFileReference; lastKnownFileType = sourcecode.c.objc; name = CLScoreServerRequest.m; path = libs/cocoslive/CLScoreServerRequest.m; sourceTree = "<group>"; };
		538B25911434099500372DE8 /* cocoslive.h */ = {isa = PBXFileReference; name = cocoslive.h; path = libs/cocoslive/cocoslive.h; sourceTree = "<group>"; };
		538B25921434099500372DE8 /* cocoslive.m */ = {isa = PBXFileReference; lastKnownFileType = sourcecode.c.objc; name = cocoslive.m; path = libs/cocoslive/cocoslive.m; sourceTree = "<group>"; };
		538B25941434099500372DE8 /* LICENSE_TouchJSON.txt */ = {isa = PBXFileReference; name = LICENSE_TouchJSON.txt; path = libs/LICENSE_TouchJSON.txt; sourceTree = "<group>"; };
		538B25961434099500372DE8 /* CDataScanner.h */ = {isa = PBXFileReference; name = CDataScanner.h; path = libs/TouchJSON/CDataScanner.h; sourceTree = "<group>"; };
		538B25971434099500372DE8 /* CDataScanner.m */ = {isa = PBXFileReference; lastKnownFileType = sourcecode.c.objc; name = CDataScanner.m; path = libs/TouchJSON/CDataScanner.m; sourceTree = "<group>"; };
		538B259A1434099600372DE8 /* CDataScanner_Extensions.h */ = {isa = PBXFileReference; name = CDataScanner_Extensions.h; path = libs/TouchJSON/Extensions/CDataScanner_Extensions.h; sourceTree = "<group>"; };
		538B259B1434099600372DE8 /* CDataScanner_Extensions.m */ = {isa = PBXFileReference; lastKnownFileType = sourcecode.c.objc; name = CDataScanner_Extensions.m; path = libs/TouchJSON/Extensions/CDataScanner_Extensions.m; sourceTree = "<group>"; };
		538B259D1434099600372DE8 /* NSDictionary_JSONExtensions.h */ = {isa = PBXFileReference; name = NSDictionary_JSONExtensions.h; path = libs/TouchJSON/Extensions/NSDictionary_JSONExtensions.h; sourceTree = "<group>"; };
		538B259E1434099600372DE8 /* NSDictionary_JSONExtensions.m */ = {isa = PBXFileReference; lastKnownFileType = sourcecode.c.objc; name = NSDictionary_JSONExtensions.m; path = libs/TouchJSON/Extensions/NSDictionary_JSONExtensions.m; sourceTree = "<group>"; };
		538B25A11434099600372DE8 /* CJSONDeserializer.h */ = {isa = PBXFileReference; name = CJSONDeserializer.h; path = libs/TouchJSON/JSON/CJSONDeserializer.h; sourceTree = "<group>"; };
		538B25A21434099600372DE8 /* CJSONDeserializer.m */ = {isa = PBXFileReference; lastKnownFileType = sourcecode.c.objc; name = CJSONDeserializer.m; path = libs/TouchJSON/JSON/CJSONDeserializer.m; sourceTree = "<group>"; };
		538B25A41434099600372DE8 /* CJSONScanner.h */ = {isa = PBXFileReference; name = CJSONScanner.h; path = libs/TouchJSON/JSON/CJSONScanner.h; sourceTree = "<group>"; };
		538B25A51434099600372DE8 /* CJSONScanner.m */ = {isa = PBXFileReference; lastKnownFileType = sourcecode.c.objc; name = CJSONScanner.m; path = libs/TouchJSON/JSON/CJSONScanner.m; sourceTree = "<group>"; };
		538B25A71434099600372DE8 /* CJSONSerializer.h */ = {isa = PBXFileReference; name = CJSONSerializer.h; path = libs/TouchJSON/JSON/CJSONSerializer.h; sourceTree = "<group>"; };
		538B25A81434099600372DE8 /* CJSONSerializer.m */ = {isa = PBXFileReference; lastKnownFileType = sourcecode.c.objc; name = CJSONSerializer.m; path = libs/TouchJSON/JSON/CJSONSerializer.m; sourceTree = "<group>"; };
		538B25AA1434099600372DE8 /* JSONRepresentation.h */ = {isa = PBXFileReference; name = JSONRepresentation.h; path = libs/TouchJSON/JSON/JSONRepresentation.h; sourceTree = "<group>"; };
		538B25AC1434099600372DE8 /* FontLabel.h */ = {isa = PBXFileReference; name = FontLabel.h; path = libs/FontLabel/FontLabel.h; sourceTree = "<group>"; };
		538B25AD1434099600372DE8 /* FontLabel.m */ = {isa = PBXFileReference; lastKnownFileType = sourcecode.c.objc; name = FontLabel.m; path = libs/FontLabel/FontLabel.m; sourceTree = "<group>"; };
		538B25AF1434099600372DE8 /* FontLabelStringDrawing.h */ = {isa = PBXFileReference; name = FontLabelStringDrawing.h; path = libs/FontLabel/FontLabelStringDrawing.h; sourceTree = "<group>"; };
		538B25B01434099600372DE8 /* FontLabelStringDrawing.m */ = {isa = PBXFileReference; lastKnownFileType = sourcecode.c.objc; name = FontLabelStringDrawing.m; path = libs/FontLabel/FontLabelStringDrawing.m; sourceTree = "<group>"; };
		538B25B21434099600372DE8 /* FontManager.h */ = {isa = PBXFileReference; name = FontManager.h; path = libs/FontLabel/FontManager.h; sourceTree = "<group>"; };
		538B25B31434099600372DE8 /* FontManager.m */ = {isa = PBXFileReference; lastKnownFileType = sourcecode.c.objc; name = FontManager.m; path = libs/FontLabel/FontManager.m; sourceTree = "<group>"; };
		538B25B51434099600372DE8 /* ZAttributedString.h */ = {isa = PBXFileReference; name = ZAttributedString.h; path = libs/FontLabel/ZAttributedString.h; sourceTree = "<group>"; };
		538B25B61434099600372DE8 /* ZAttributedString.m */ = {isa = PBXFileReference; lastKnownFileType = sourcecode.c.objc; name = ZAttributedString.m; path = libs/FontLabel/ZAttributedString.m; sourceTree = "<group>"; };
		538B25B81434099600372DE8 /* ZAttributedStringPrivate.h */ = {isa = PBXFileReference; name = ZAttributedStringPrivate.h; path = libs/FontLabel/ZAttributedStringPrivate.h; sourceTree = "<group>"; };
		538B25B91434099600372DE8 /* ZFont.h */ = {isa = PBXFileReference; name = ZFont.h; path = libs/FontLabel/ZFont.h; sourceTree = "<group>"; };
		538B25BA1434099600372DE8 /* ZFont.m */ = {isa = PBXFileReference; lastKnownFileType = sourcecode.c.objc; name = ZFont.m; path = libs/FontLabel/ZFont.m; sourceTree = "<group>"; };
		538B25BC1434099600372DE8 /* LICENSE_FontLabel.txt */ = {isa = PBXFileReference; name = LICENSE_FontLabel.txt; path = libs/LICENSE_FontLabel.txt; sourceTree = "<group>"; };
		538B25BE1434099600372DE8 /* Prefix.pch */ = {isa = PBXFileReference; path = Prefix.pch; sourceTree = "<group>"; };
		538B25BF1434099600372DE8 /* main.m */ = {isa = PBXFileReference; lastKnownFileType = sourcecode.c.objc; path = main.m; sourceTree = "<group>"; };
		538B25C11434099600372DE8 /* AppDelegate.h */ = {isa = PBXFileReference; path = AppDelegate.h; sourceTree = "<group>"; };
		538B25C21434099600372DE8 /* AppDelegate.m */ = {isa = PBXFileReference; lastKnownFileType = sourcecode.c.objc; path = AppDelegate.m; sourceTree = "<group>"; };
		538B25C41434099600372DE8 /* RootViewController.h */ = {isa = PBXFileReference; path = RootViewController.h; sourceTree = "<group>"; };
		538B25C51434099600372DE8 /* RootViewController.m */ = {isa = PBXFileReference; lastKnownFileType = sourcecode.c.objc; path = RootViewController.m; sourceTree = "<group>"; };
		538B25C71434099600372DE8 /* HelloWorldLayer.h */ = {isa = PBXFileReference; path = HelloWorldLayer.h; sourceTree = "<group>"; };
		538B25C81434099600372DE8 /* HelloWorldLayer.m */ = {isa = PBXFileReference; lastKnownFileType = sourcecode.c.objc; path = HelloWorldLayer.m; sourceTree = "<group>"; };
		538B25CA1434099600372DE8 /* GameConfig.h */ = {isa = PBXFileReference; path = GameConfig.h; sourceTree = "<group>"; };
/* End PBXFileReference section */

/* Begin PBXFrameworksBuildPhase section */
		538B24581434099300372DE8 /* Frameworks */ = {
			isa = PBXFrameworksBuildPhase;
			buildActionMask = 2147483647;
			files = (
				538B24601434099300372DE8 /* QuartzCore.framework in Frameworks */,
				538B24621434099300372DE8 /* OpenGLES.framework in Frameworks */,
				538B24641434099300372DE8 /* OpenAL.framework in Frameworks */,
				538B24661434099300372DE8 /* AudioToolbox.framework in Frameworks */,
				538B24681434099300372DE8 /* AVFoundation.framework in Frameworks */,
				538B246A1434099300372DE8 /* UIKit.framework in Frameworks */,
				538B246C1434099300372DE8 /* Foundation.framework in Frameworks */,
				538B246E1434099300372DE8 /* CoreGraphics.framework in Frameworks */,
			);
			runOnlyForDeploymentPostprocessing = 0;
		};
/* End PBXFrameworksBuildPhase section */

/* Begin PBXGroup section */
		538B24501434099300372DE8 = {
			isa = PBXGroup;
			children = (
				538B246F1434099300372DE8 /* ResourceTool */,
				538B245E1434099300372DE8 /* Frameworks */,
				538B245C1434099300372DE8 /* Products */,
			);
			sourceTree = "<group>";
		};
		538B245C1434099300372DE8 /* Products */ = {
			isa = PBXGroup;
			children = (
				538B245B1434099300372DE8 /* ResourceTool.app */,
			);
			name = Products;
			sourceTree = "<group>";
		};
		538B245E1434099300372DE8 /* Frameworks */ = {
			isa = PBXGroup;
			children = (
				538B245F1434099300372DE8 /* QuartzCore.framework */,
				538B24611434099300372DE8 /* OpenGLES.framework */,
				538B24631434099300372DE8 /* OpenAL.framework */,
				538B24651434099300372DE8 /* AudioToolbox.framework */,
				538B24671434099300372DE8 /* AVFoundation.framework */,
				538B24691434099300372DE8 /* UIKit.framework */,
				538B246B1434099300372DE8 /* Foundation.framework */,
				538B246D1434099300372DE8 /* CoreGraphics.framework */,
			);
			name = Frameworks;
			sourceTree = "<group>";
		};
		538B246F1434099300372DE8 /* ResourceTool */ = {
			isa = PBXGroup;
			children = (
				538B25C11434099600372DE8 /* AppDelegate.h */,
				538B25C21434099600372DE8 /* AppDelegate.m */,
				538B25C41434099600372DE8 /* RootViewController.h */,
				538B25C51434099600372DE8 /* RootViewController.m */,
				538B25C71434099600372DE8 /* HelloWorldLayer.h */,
				538B25C81434099600372DE8 /* HelloWorldLayer.m */,
				538B25CA1434099600372DE8 /* GameConfig.h */,
				538B24701434099300372DE8 /* Resources */,
				538B24841434099300372DE8 /* libs */,
				538B25BD1434099600372DE8 /* Supporting Files */,
			);
			path = ResourceTool;
			sourceTree = "<group>";
		};
		538B24701434099300372DE8 /* Resources */ = {
			isa = PBXGroup;
			children = (
				538B24711434099300372DE8 /* Default.png */,
				538B24731434099300372DE8 /* fps_images.png */,
				538B24751434099300372DE8 /* Icon-72.png */,
				538B24771434099300372DE8 /* Icon-Small-50.png */,
				538B24791434099300372DE8 /* Icon-Small.png */,
				538B247B1434099300372DE8 /* Icon-Small@2x.png */,
				538B247D1434099300372DE8 /* Icon.png */,
				538B247F1434099300372DE8 /* Icon@2x.png */,
				538B24811434099300372DE8 /* Info.plist */,
				538B24821434099300372DE8 /* iTunesArtwork */,
			);
			name = Resources;
			sourceTree = "<group>";
		};
		538B24841434099300372DE8 /* libs */ = {
			isa = PBXGroup;
			children = (
				538B257A1434099500372DE8 /* LICENSE_cocos2d.txt */,
				538B25891434099500372DE8 /* LICENSE_CocosDenshion.txt */,
				538B25941434099500372DE8 /* LICENSE_TouchJSON.txt */,
				538B25BC1434099600372DE8 /* LICENSE_FontLabel.txt */,
				538B24851434099300372DE8 /* cocos2d */,
				538B257B1434099500372DE8 /* CocosDenshion */,
				538B258A1434099500372DE8 /* cocoslive */,
				538B25951434099500372DE8 /* TouchJSON */,
				538B25AB1434099600372DE8 /* FontLabel */,
			);
			name = libs;
			sourceTree = "<group>";
		};
		538B24851434099300372DE8 /* cocos2d */ = {
			isa = PBXGroup;
			children = (
				538B24861434099300372DE8 /* CCAction.h */,
				538B24871434099300372DE8 /* CCAction.m */,
				538B24891434099300372DE8 /* CCActionCamera.h */,
				538B248A1434099300372DE8 /* CCActionCamera.m */,
				538B248C1434099300372DE8 /* CCActionEase.h */,
				538B248D1434099300372DE8 /* CCActionEase.m */,
				538B248F1434099300372DE8 /* CCActionGrid.h */,
				538B24901434099300372DE8 /* CCActionGrid.m */,
				538B24921434099300372DE8 /* CCActionGrid3D.h */,
				538B24931434099300372DE8 /* CCActionGrid3D.m */,
				538B24951434099300372DE8 /* CCActionInstant.h */,
				538B24961434099300372DE8 /* CCActionInstant.m */,
				538B24981434099300372DE8 /* CCActionInterval.h */,
				538B24991434099300372DE8 /* CCActionInterval.m */,
				538B249B1434099300372DE8 /* CCActionManager.h */,
				538B249C1434099300372DE8 /* CCActionManager.m */,
				538B249E1434099300372DE8 /* CCActionPageTurn3D.h */,
				538B249F1434099300372DE8 /* CCActionPageTurn3D.m */,
				538B24A11434099300372DE8 /* CCActionProgressTimer.h */,
				538B24A21434099300372DE8 /* CCActionProgressTimer.m */,
				538B24A41434099300372DE8 /* CCActionTiledGrid.h */,
				538B24A51434099400372DE8 /* CCActionTiledGrid.m */,
				538B24A71434099400372DE8 /* CCActionTween.h */,
				538B24A81434099400372DE8 /* CCActionTween.m */,
				538B24AA1434099400372DE8 /* CCAnimation.h */,
				538B24AB1434099400372DE8 /* CCAnimation.m */,
				538B24AD1434099400372DE8 /* CCAnimationCache.h */,
				538B24AE1434099400372DE8 /* CCAnimationCache.m */,
				538B24B01434099400372DE8 /* CCAtlasNode.h */,
				538B24B11434099400372DE8 /* CCAtlasNode.m */,
				538B24B31434099400372DE8 /* CCBlockSupport.h */,
				538B24B41434099400372DE8 /* CCBlockSupport.m */,
				538B24B61434099400372DE8 /* CCCamera.h */,
				538B24B71434099400372DE8 /* CCCamera.m */,
				538B24B91434099400372DE8 /* ccConfig.h */,
				538B24BA1434099400372DE8 /* CCConfiguration.h */,
				538B24BB1434099400372DE8 /* CCConfiguration.m */,
				538B24BD1434099400372DE8 /* CCDirector.h */,
				538B24BE1434099400372DE8 /* CCDirector.m */,
				538B24C01434099400372DE8 /* CCDrawingPrimitives.h */,
				538B24C11434099400372DE8 /* CCDrawingPrimitives.m */,
				538B24C31434099400372DE8 /* CCGrabber.h */,
				538B24C41434099400372DE8 /* CCGrabber.m */,
				538B24C61434099400372DE8 /* CCGrid.h */,
				538B24C71434099400372DE8 /* CCGrid.m */,
				538B24C91434099400372DE8 /* CCLabelAtlas.h */,
				538B24CA1434099400372DE8 /* CCLabelAtlas.m */,
				538B24CC1434099400372DE8 /* CCLabelBMFont.h */,
				538B24CD1434099400372DE8 /* CCLabelBMFont.m */,
				538B24CF1434099400372DE8 /* CCLabelTTF.h */,
				538B24D01434099400372DE8 /* CCLabelTTF.m */,
				538B24D21434099400372DE8 /* CCLayer.h */,
				538B24D31434099400372DE8 /* CCLayer.m */,
				538B24D51434099400372DE8 /* ccMacros.h */,
				538B24D61434099400372DE8 /* CCMenu.h */,
				538B24D71434099400372DE8 /* CCMenu.m */,
				538B24D91434099400372DE8 /* CCMenuItem.h */,
				538B24DA1434099400372DE8 /* CCMenuItem.m */,
				538B24DC1434099400372DE8 /* CCMotionStreak.h */,
				538B24DD1434099400372DE8 /* CCMotionStreak.m */,
				538B24DF1434099400372DE8 /* CCNode.h */,
				538B24E01434099400372DE8 /* CCNode.m */,
				538B24E21434099400372DE8 /* CCParallaxNode.h */,
				538B24E31434099400372DE8 /* CCParallaxNode.m */,
				538B24E51434099400372DE8 /* CCParticleExamples.h */,
				538B24E61434099400372DE8 /* CCParticleExamples.m */,
				538B24E81434099400372DE8 /* CCParticleSystem.h */,
				538B24E91434099400372DE8 /* CCParticleSystem.m */,
				538B24EB1434099400372DE8 /* CCParticleSystemPoint.h */,
				538B24EC1434099400372DE8 /* CCParticleSystemPoint.m */,
				538B24EE1434099400372DE8 /* CCParticleSystemQuad.h */,
				538B24EF1434099400372DE8 /* CCParticleSystemQuad.m */,
				538B24F11434099400372DE8 /* CCProgressTimer.h */,
				538B24F21434099400372DE8 /* CCProgressTimer.m */,
				538B24F41434099400372DE8 /* CCProtocols.h */,
				538B24F51434099400372DE8 /* CCRenderTexture.h */,
				538B24F61434099400372DE8 /* CCRenderTexture.m */,
				538B24F81434099400372DE8 /* CCRibbon.h */,
				538B24F91434099400372DE8 /* CCRibbon.m */,
				538B24FB1434099400372DE8 /* CCScene.h */,
				538B24FC1434099400372DE8 /* CCScene.m */,
				538B24FE1434099400372DE8 /* CCScheduler.h */,
				538B24FF1434099400372DE8 /* CCScheduler.m */,
				538B25011434099400372DE8 /* CCSprite.h */,
				538B25021434099400372DE8 /* CCSprite.m */,
				538B25041434099400372DE8 /* CCSpriteBatchNode.h */,
				538B25051434099400372DE8 /* CCSpriteBatchNode.m */,
				538B25071434099400372DE8 /* CCSpriteFrame.h */,
				538B25081434099400372DE8 /* CCSpriteFrame.m */,
				538B250A1434099400372DE8 /* CCSpriteFrameCache.h */,
				538B250B1434099400372DE8 /* CCSpriteFrameCache.m */,
				538B250D1434099400372DE8 /* CCTexture2D.h */,
				538B250E1434099400372DE8 /* CCTexture2D.m */,
				538B25101434099400372DE8 /* CCTextureAtlas.h */,
				538B25111434099400372DE8 /* CCTextureAtlas.m */,
				538B25131434099400372DE8 /* CCTextureCache.h */,
				538B25141434099400372DE8 /* CCTextureCache.m */,
				538B25161434099400372DE8 /* CCTexturePVR.h */,
				538B25171434099400372DE8 /* CCTexturePVR.m */,
				538B25191434099400372DE8 /* CCTileMapAtlas.h */,
				538B251A1434099500372DE8 /* CCTileMapAtlas.m */,
				538B251C1434099500372DE8 /* CCTMXLayer.h */,
				538B251D1434099500372DE8 /* CCTMXLayer.m */,
				538B251F1434099500372DE8 /* CCTMXObjectGroup.h */,
				538B25201434099500372DE8 /* CCTMXObjectGroup.m */,
				538B25221434099500372DE8 /* CCTMXTiledMap.h */,
				538B25231434099500372DE8 /* CCTMXTiledMap.m */,
				538B25251434099500372DE8 /* CCTMXXMLParser.h */,
				538B25261434099500372DE8 /* CCTMXXMLParser.m */,
				538B25281434099500372DE8 /* CCTransition.h */,
				538B25291434099500372DE8 /* CCTransition.m */,
				538B252B1434099500372DE8 /* CCTransitionPageTurn.h */,
				538B252C1434099500372DE8 /* CCTransitionPageTurn.m */,
				538B252E1434099500372DE8 /* CCTransitionRadial.h */,
				538B252F1434099500372DE8 /* CCTransitionRadial.m */,
				538B25311434099500372DE8 /* ccTypes.h */,
				538B25321434099500372DE8 /* cocos2d.h */,
				538B25331434099500372DE8 /* cocos2d.m */,
				538B25351434099500372DE8 /* Platforms */,
				538B255A1434099500372DE8 /* Support */,
			);
			name = cocos2d;
			sourceTree = "<group>";
		};
		538B25351434099500372DE8 /* Platforms */ = {
			isa = PBXGroup;
			children = (
				538B25361434099500372DE8 /* CCGL.h */,
				538B25371434099500372DE8 /* CCNS.h */,
				538B25381434099500372DE8 /* iOS */,
				538B254D1434099500372DE8 /* Mac */,
			);
			name = Platforms;
			sourceTree = "<group>";
		};
		538B25381434099500372DE8 /* iOS */ = {
			isa = PBXGroup;
			children = (
				538B25391434099500372DE8 /* CCDirectorIOS.h */,
				538B253A1434099500372DE8 /* CCDirectorIOS.m */,
				538B253C1434099500372DE8 /* CCTouchDelegateProtocol.h */,
				538B253D1434099500372DE8 /* CCTouchDispatcher.h */,
				538B253E1434099500372DE8 /* CCTouchDispatcher.m */,
				538B25401434099500372DE8 /* CCTouchHandler.h */,
				538B25411434099500372DE8 /* CCTouchHandler.m */,
				538B25431434099500372DE8 /* EAGLView.h */,
				538B25441434099500372DE8 /* EAGLView.m */,
				538B25461434099500372DE8 /* ES1Renderer.h */,
				538B25471434099500372DE8 /* ES1Renderer.m */,
				538B25491434099500372DE8 /* ESRenderer.h */,
				538B254A1434099500372DE8 /* glu.c */,
				538B254C1434099500372DE8 /* glu.h */,
			);
			name = iOS;
			sourceTree = "<group>";
		};
		538B254D1434099500372DE8 /* Mac */ = {
			isa = PBXGroup;
			children = (
				538B254E1434099500372DE8 /* CCDirectorMac.h */,
				538B254F1434099500372DE8 /* CCDirectorMac.m */,
				538B25511434099500372DE8 /* CCEventDispatcher.h */,
				538B25521434099500372DE8 /* CCEventDispatcher.m */,
				538B25541434099500372DE8 /* MacGLView.h */,
				538B25551434099500372DE8 /* MacGLView.m */,
				538B25571434099500372DE8 /* MacWindow.h */,
				538B25581434099500372DE8 /* MacWindow.m */,
			);
			name = Mac;
			sourceTree = "<group>";
		};
		538B255A1434099500372DE8 /* Support */ = {
			isa = PBXGroup;
			children = (
				538B255B1434099500372DE8 /* base64.c */,
				538B255D1434099500372DE8 /* base64.h */,
				538B255E1434099500372DE8 /* CCArray.h */,
				538B255F1434099500372DE8 /* CCArray.m */,
				538B25611434099500372DE8 /* ccCArray.h */,
				538B25621434099500372DE8 /* CCFileUtils.h */,
				538B25631434099500372DE8 /* CCFileUtils.m */,
				538B25651434099500372DE8 /* CCProfiling.h */,
				538B25661434099500372DE8 /* CCProfiling.m */,
				538B25681434099500372DE8 /* ccUtils.c */,
				538B256A1434099500372DE8 /* ccUtils.h */,
				538B256B1434099500372DE8 /* CGPointExtension.h */,
				538B256C1434099500372DE8 /* CGPointExtension.m */,
				538B256E1434099500372DE8 /* OpenGL_Internal.h */,
				538B256F1434099500372DE8 /* TGAlib.h */,
				538B25701434099500372DE8 /* TGAlib.m */,
				538B25721434099500372DE8 /* TransformUtils.h */,
				538B25731434099500372DE8 /* TransformUtils.m */,
				538B25751434099500372DE8 /* uthash.h */,
				538B25761434099500372DE8 /* utlist.h */,
				538B25771434099500372DE8 /* ZipUtils.h */,
				538B25781434099500372DE8 /* ZipUtils.m */,
			);
			name = Support;
			sourceTree = "<group>";
		};
		538B257B1434099500372DE8 /* CocosDenshion */ = {
			isa = PBXGroup;
			children = (
				538B257C1434099500372DE8 /* CDAudioManager.h */,
				538B257D1434099500372DE8 /* CDAudioManager.m */,
				538B257F1434099500372DE8 /* CDConfig.h */,
				538B25801434099500372DE8 /* CDOpenALSupport.h */,
				538B25811434099500372DE8 /* CDOpenALSupport.m */,
				538B25831434099500372DE8 /* CocosDenshion.h */,
				538B25841434099500372DE8 /* CocosDenshion.m */,
				538B25861434099500372DE8 /* SimpleAudioEngine.h */,
				538B25871434099500372DE8 /* SimpleAudioEngine.m */,
			);
			name = CocosDenshion;
			sourceTree = "<group>";
		};
		538B258A1434099500372DE8 /* cocoslive */ = {
			isa = PBXGroup;
			children = (
				538B258B1434099500372DE8 /* CLScoreServerPost.h */,
				538B258C1434099500372DE8 /* CLScoreServerPost.m */,
				538B258E1434099500372DE8 /* CLScoreServerRequest.h */,
				538B258F1434099500372DE8 /* CLScoreServerRequest.m */,
				538B25911434099500372DE8 /* cocoslive.h */,
				538B25921434099500372DE8 /* cocoslive.m */,
			);
			name = cocoslive;
			sourceTree = "<group>";
		};
		538B25951434099500372DE8 /* TouchJSON */ = {
			isa = PBXGroup;
			children = (
				538B25961434099500372DE8 /* CDataScanner.h */,
				538B25971434099500372DE8 /* CDataScanner.m */,
				538B25991434099500372DE8 /* Extensions */,
				538B25A01434099600372DE8 /* JSON */,
			);
			name = TouchJSON;
			sourceTree = "<group>";
		};
		538B25991434099500372DE8 /* Extensions */ = {
			isa = PBXGroup;
			children = (
				538B259A1434099600372DE8 /* CDataScanner_Extensions.h */,
				538B259B1434099600372DE8 /* CDataScanner_Extensions.m */,
				538B259D1434099600372DE8 /* NSDictionary_JSONExtensions.h */,
				538B259E1434099600372DE8 /* NSDictionary_JSONExtensions.m */,
			);
			name = Extensions;
			sourceTree = "<group>";
		};
		538B25A01434099600372DE8 /* JSON */ = {
			isa = PBXGroup;
			children = (
				538B25A11434099600372DE8 /* CJSONDeserializer.h */,
				538B25A21434099600372DE8 /* CJSONDeserializer.m */,
				538B25A41434099600372DE8 /* CJSONScanner.h */,
				538B25A51434099600372DE8 /* CJSONScanner.m */,
				538B25A71434099600372DE8 /* CJSONSerializer.h */,
				538B25A81434099600372DE8 /* CJSONSerializer.m */,
				538B25AA1434099600372DE8 /* JSONRepresentation.h */,
			);
			name = JSON;
			sourceTree = "<group>";
		};
		538B25AB1434099600372DE8 /* FontLabel */ = {
			isa = PBXGroup;
			children = (
				538B25AC1434099600372DE8 /* FontLabel.h */,
				538B25AD1434099600372DE8 /* FontLabel.m */,
				538B25AF1434099600372DE8 /* FontLabelStringDrawing.h */,
				538B25B01434099600372DE8 /* FontLabelStringDrawing.m */,
				538B25B21434099600372DE8 /* FontManager.h */,
				538B25B31434099600372DE8 /* FontManager.m */,
				538B25B51434099600372DE8 /* ZAttributedString.h */,
				538B25B61434099600372DE8 /* ZAttributedString.m */,
				538B25B81434099600372DE8 /* ZAttributedStringPrivate.h */,
				538B25B91434099600372DE8 /* ZFont.h */,
				538B25BA1434099600372DE8 /* ZFont.m */,
			);
			name = FontLabel;
			sourceTree = "<group>";
		};
		538B25BD1434099600372DE8 /* Supporting Files */ = {
			isa = PBXGroup;
			children = (
				538B25BE1434099600372DE8 /* Prefix.pch */,
				538B25BF1434099600372DE8 /* main.m */,
			);
			name = "Supporting Files";
			sourceTree = "<group>";
		};
/* End PBXGroup section */

/* Begin PBXNativeTarget section */
		538B245A1434099300372DE8 /* ResourceTool */ = {
			isa = PBXNativeTarget;
			buildConfigurationList = 538B25CD1434099600372DE8 /* Build configuration list for PBXNativeTarget "ResourceTool" */;
			buildPhases = (
				538B24571434099300372DE8 /* Sources */,
				538B24581434099300372DE8 /* Frameworks */,
				538B24591434099300372DE8 /* Resources */,
			);
			buildRules = (
			);
			dependencies = (
			);
			name = ResourceTool;
			productName = ResourceTool;
			productReference = 538B245B1434099300372DE8 /* ResourceTool.app */;
			productType = "com.apple.product-type.application";
		};
/* End PBXNativeTarget section */

/* Begin PBXProject section */
		538B24521434099300372DE8 /* Project object */ = {
			isa = PBXProject;
			attributes = {
				ORGANIZATIONNAME = Home;
			};
			buildConfigurationList = 538B24551434099300372DE8 /* Build configuration list for PBXProject "ResourceTool" */;
			compatibilityVersion = "Xcode 3.2";
			developmentRegion = English;
			hasScannedForEncodings = 0;
			knownRegions = (
				en,
			);
			mainGroup = 538B24501434099300372DE8;
			productRefGroup = 538B245C1434099300372DE8 /* Products */;
			projectDirPath = "";
			projectRoot = "";
			targets = (
				538B245A1434099300372DE8 /* ResourceTool */,
			);
		};
/* End PBXProject section */

/* Begin PBXResourcesBuildPhase section */
		538B24591434099300372DE8 /* Resources */ = {
			isa = PBXResourcesBuildPhase;
			buildActionMask = 2147483647;
			files = (
				538B24721434099300372DE8 /* Default.png in Resources */,
				538B24741434099300372DE8 /* fps_images.png in Resources */,
				538B24761434099300372DE8 /* Icon-72.png in Resources */,
				538B24781434099300372DE8 /* Icon-Small-50.png in Resources */,
				538B247A1434099300372DE8 /* Icon-Small.png in Resources */,
				538B247C1434099300372DE8 /* Icon-Small@2x.png in Resources */,
				538B247E1434099300372DE8 /* Icon.png in Resources */,
				538B24801434099300372DE8 /* Icon@2x.png in Resources */,
				538B24831434099300372DE8 /* iTunesArtwork in Resources */,
			);
			runOnlyForDeploymentPostprocessing = 0;
		};
/* End PBXResourcesBuildPhase section */

/* Begin PBXSourcesBuildPhase section */
		538B24571434099300372DE8 /* Sources */ = {
			isa = PBXSourcesBuildPhase;
			buildActionMask = 2147483647;
			files = (
				538B24881434099300372DE8 /* CCAction.m in Sources */,
				538B248B1434099300372DE8 /* CCActionCamera.m in Sources */,
				538B248E1434099300372DE8 /* CCActionEase.m in Sources */,
				538B24911434099300372DE8 /* CCActionGrid.m in Sources */,
				538B24941434099300372DE8 /* CCActionGrid3D.m in Sources */,
				538B24971434099300372DE8 /* CCActionInstant.m in Sources */,
				538B249A1434099300372DE8 /* CCActionInterval.m in Sources */,
				538B249D1434099300372DE8 /* CCActionManager.m in Sources */,
				538B24A01434099300372DE8 /* CCActionPageTurn3D.m in Sources */,
				538B24A31434099300372DE8 /* CCActionProgressTimer.m in Sources */,
				538B24A61434099400372DE8 /* CCActionTiledGrid.m in Sources */,
				538B24A91434099400372DE8 /* CCActionTween.m in Sources */,
				538B24AC1434099400372DE8 /* CCAnimation.m in Sources */,
				538B24AF1434099400372DE8 /* CCAnimationCache.m in Sources */,
				538B24B21434099400372DE8 /* CCAtlasNode.m in Sources */,
				538B24B51434099400372DE8 /* CCBlockSupport.m in Sources */,
				538B24B81434099400372DE8 /* CCCamera.m in Sources */,
				538B24BC1434099400372DE8 /* CCConfiguration.m in Sources */,
				538B24BF1434099400372DE8 /* CCDirector.m in Sources */,
				538B24C21434099400372DE8 /* CCDrawingPrimitives.m in Sources */,
				538B24C51434099400372DE8 /* CCGrabber.m in Sources */,
				538B24C81434099400372DE8 /* CCGrid.m in Sources */,
				538B24CB1434099400372DE8 /* CCLabelAtlas.m in Sources */,
				538B24CE1434099400372DE8 /* CCLabelBMFont.m in Sources */,
				538B24D11434099400372DE8 /* CCLabelTTF.m in Sources */,
				538B24D41434099400372DE8 /* CCLayer.m in Sources */,
				538B24D81434099400372DE8 /* CCMenu.m in Sources */,
				538B24DB1434099400372DE8 /* CCMenuItem.m in Sources */,
				538B24DE1434099400372DE8 /* CCMotionStreak.m in Sources */,
				538B24E11434099400372DE8 /* CCNode.m in Sources */,
				538B24E41434099400372DE8 /* CCParallaxNode.m in Sources */,
				538B24E71434099400372DE8 /* CCParticleExamples.m in Sources */,
				538B24EA1434099400372DE8 /* CCParticleSystem.m in Sources */,
				538B24ED1434099400372DE8 /* CCParticleSystemPoint.m in Sources */,
				538B24F01434099400372DE8 /* CCParticleSystemQuad.m in Sources */,
				538B24F31434099400372DE8 /* CCProgressTimer.m in Sources */,
				538B24F71434099400372DE8 /* CCRenderTexture.m in Sources */,
				538B24FA1434099400372DE8 /* CCRibbon.m in Sources */,
				538B24FD1434099400372DE8 /* CCScene.m in Sources */,
				538B25001434099400372DE8 /* CCScheduler.m in Sources */,
				538B25031434099400372DE8 /* CCSprite.m in Sources */,
				538B25061434099400372DE8 /* CCSpriteBatchNode.m in Sources */,
				538B25091434099400372DE8 /* CCSpriteFrame.m in Sources */,
				538B250C1434099400372DE8 /* CCSpriteFrameCache.m in Sources */,
				538B250F1434099400372DE8 /* CCTexture2D.m in Sources */,
				538B25121434099400372DE8 /* CCTextureAtlas.m in Sources */,
				538B25151434099400372DE8 /* CCTextureCache.m in Sources */,
				538B25181434099400372DE8 /* CCTexturePVR.m in Sources */,
				538B251B1434099500372DE8 /* CCTileMapAtlas.m in Sources */,
				538B251E1434099500372DE8 /* CCTMXLayer.m in Sources */,
				538B25211434099500372DE8 /* CCTMXObjectGroup.m in Sources */,
				538B25241434099500372DE8 /* CCTMXTiledMap.m in Sources */,
				538B25271434099500372DE8 /* CCTMXXMLParser.m in Sources */,
				538B252A1434099500372DE8 /* CCTransition.m in Sources */,
				538B252D1434099500372DE8 /* CCTransitionPageTurn.m in Sources */,
				538B25301434099500372DE8 /* CCTransitionRadial.m in Sources */,
				538B25341434099500372DE8 /* cocos2d.m in Sources */,
				538B253B1434099500372DE8 /* CCDirectorIOS.m in Sources */,
				538B253F1434099500372DE8 /* CCTouchDispatcher.m in Sources */,
				538B25421434099500372DE8 /* CCTouchHandler.m in Sources */,
				538B25451434099500372DE8 /* EAGLView.m in Sources */,
				538B25481434099500372DE8 /* ES1Renderer.m in Sources */,
				538B254B1434099500372DE8 /* glu.c in Sources */,
				538B25501434099500372DE8 /* CCDirectorMac.m in Sources */,
				538B25531434099500372DE8 /* CCEventDispatcher.m in Sources */,
				538B25561434099500372DE8 /* MacGLView.m in Sources */,
				538B25591434099500372DE8 /* MacWindow.m in Sources */,
				538B255C1434099500372DE8 /* base64.c in Sources */,
				538B25601434099500372DE8 /* CCArray.m in Sources */,
				538B25641434099500372DE8 /* CCFileUtils.m in Sources */,
				538B25671434099500372DE8 /* CCProfiling.m in Sources */,
				538B25691434099500372DE8 /* ccUtils.c in Sources */,
				538B256D1434099500372DE8 /* CGPointExtension.m in Sources */,
				538B25711434099500372DE8 /* TGAlib.m in Sources */,
				538B25741434099500372DE8 /* TransformUtils.m in Sources */,
				538B25791434099500372DE8 /* ZipUtils.m in Sources */,
				538B257E1434099500372DE8 /* CDAudioManager.m in Sources */,
				538B25821434099500372DE8 /* CDOpenALSupport.m in Sources */,
				538B25851434099500372DE8 /* CocosDenshion.m in Sources */,
				538B25881434099500372DE8 /* SimpleAudioEngine.m in Sources */,
				538B258D1434099500372DE8 /* CLScoreServerPost.m in Sources */,
				538B25901434099500372DE8 /* CLScoreServerRequest.m in Sources */,
				538B25931434099500372DE8 /* cocoslive.m in Sources */,
				538B25981434099500372DE8 /* CDataScanner.m in Sources */,
				538B259C1434099600372DE8 /* CDataScanner_Extensions.m in Sources */,
				538B259F1434099600372DE8 /* NSDictionary_JSONExtensions.m in Sources */,
				538B25A31434099600372DE8 /* CJSONDeserializer.m in Sources */,
				538B25A61434099600372DE8 /* CJSONScanner.m in Sources */,
				538B25A91434099600372DE8 /* CJSONSerializer.m in Sources */,
				538B25AE1434099600372DE8 /* FontLabel.m in Sources */,
				538B25B11434099600372DE8 /* FontLabelStringDrawing.m in Sources */,
				538B25B41434099600372DE8 /* FontManager.m in Sources */,
				538B25B71434099600372DE8 /* ZAttributedString.m in Sources */,
				538B25BB1434099600372DE8 /* ZFont.m in Sources */,
				538B25C01434099600372DE8 /* main.m in Sources */,
				538B25C31434099600372DE8 /* AppDelegate.m in Sources */,
				538B25C61434099600372DE8 /* RootViewController.m in Sources */,
				538B25C91434099600372DE8 /* HelloWorldLayer.m in Sources */,
			);
			runOnlyForDeploymentPostprocessing = 0;
		};
/* End PBXSourcesBuildPhase section */

/* Begin XCBuildConfiguration section */
		538B25CB1434099600372DE8 /* Debug */ = {
			isa = XCBuildConfiguration;
			buildSettings = {
				ARCHS = "$(ARCHS_STANDARD_32_BIT)";
				"CODE_SIGN_IDENTITY[sdk=iphoneos*]" = "iPhone Developer";
				GCC_C_LANGUAGE_STANDARD = gnu99;
				GCC_OPTIMIZATION_LEVEL = 0;
				GCC_PREPROCESSOR_DEFINITIONS = (
					DEBUG,
					"COCOS2D_DEBUG=1",
				);
				GCC_SYMBOLS_PRIVATE_EXTERN = NO;
				GCC_VERSION = com.apple.compilers.llvmgcc42;
				GCC_WARN_ABOUT_RETURN_TYPE = YES;
				GCC_WARN_UNUSED_VARIABLE = YES;
				IPHONEOS_DEPLOYMENT_TARGET = 4.3;
				SDKROOT = iphoneos;
			};
			name = Debug;
		};
		538B25CC1434099600372DE8 /* Release */ = {
			isa = XCBuildConfiguration;
			buildSettings = {
				ARCHS = "$(ARCHS_STANDARD_32_BIT)";
				"CODE_SIGN_IDENTITY[sdk=iphoneos*]" = "iPhone Developer";
				GCC_C_LANGUAGE_STANDARD = gnu99;
				GCC_PREPROCESSOR_DEFINITIONS = NDEBUG;
				GCC_VERSION = com.apple.compilers.llvmgcc42;
				GCC_WARN_ABOUT_RETURN_TYPE = YES;
				GCC_WARN_UNUSED_VARIABLE = YES;
				IPHONEOS_DEPLOYMENT_TARGET = 4.3;
				OTHER_CFLAGS = "-DNS_BLOCK_ASSERTIONS=1";
				SDKROOT = iphoneos;
			};
			name = Release;
		};
		538B25CE1434099600372DE8 /* Debug */ = {
			isa = XCBuildConfiguration;
			buildSettings = {
				ALWAYS_SEARCH_USER_PATHS = NO;
				COPY_PHASE_STRIP = NO;
				GCC_DYNAMIC_NO_PIC = NO;
				GCC_PRECOMPILE_PREFIX_HEADER = YES;
				GCC_PREFIX_HEADER = ResourceTool/Prefix.pch;
				"GCC_THUMB_SUPPORT[arch=armv6]" = "";
				INFOPLIST_FILE = ResourceTool/Resources/Info.plist;
				OTHER_LDFLAGS = "-lz";
				PRODUCT_NAME = "$(TARGET_NAME)";
				WRAPPER_EXTENSION = app;
			};
			name = Debug;
		};
		538B25CF1434099600372DE8 /* Release */ = {
			isa = XCBuildConfiguration;
			buildSettings = {
				ALWAYS_SEARCH_USER_PATHS = NO;
				COPY_PHASE_STRIP = YES;
				GCC_PRECOMPILE_PREFIX_HEADER = YES;
				GCC_PREFIX_HEADER = ResourceTool/Prefix.pch;
				"GCC_THUMB_SUPPORT[arch=armv6]" = "";
				INFOPLIST_FILE = ResourceTool/Resources/Info.plist;
				OTHER_LDFLAGS = "-lz";
				PRODUCT_NAME = "$(TARGET_NAME)";
				VALIDATE_PRODUCT = YES;
				WRAPPER_EXTENSION = app;
			};
			name = Release;
		};
/* End XCBuildConfiguration section */

/* Begin XCConfigurationList section */
		538B24551434099300372DE8 /* Build configuration list for PBXProject "ResourceTool" */ = {
			isa = XCConfigurationList;
			buildConfigurations = (
				538B25CB1434099600372DE8 /* Debug */,
				538B25CC1434099600372DE8 /* Release */,
			);
			defaultConfigurationIsVisible = 0;
			defaultConfigurationName = Release;
		};
		538B25CD1434099600372DE8 /* Build configuration list for PBXNativeTarget "ResourceTool" */ = {
			isa = XCConfigurationList;
			buildConfigurations = (
				538B25CE1434099600372DE8 /* Debug */,
				538B25CF1434099600372DE8 /* Release */,
			);
			defaultConfigurationIsVisible = 0;
		};
/* End XCConfigurationList section */
	};
	rootObject = 538B24521434099300372DE8 /* Project object */;
}
